// !$*UTF8*$!
{
	archiveVersion = 1;
	classes = {
	};
	objectVersion = 50;
	objects = {

/* Begin PBXBuildFile section */
		8249535724F8E74D0044267B /* AppDelegate.m in Sources */ = {isa = PBXBuildFile; fileRef = 8249535624F8E74D0044267B /* AppDelegate.m */; };
		8249535A24F8E74D0044267B /* SceneDelegate.m in Sources */ = {isa = PBXBuildFile; fileRef = 8249535924F8E74D0044267B /* SceneDelegate.m */; };
		8249535D24F8E74D0044267B /* ViewController.m in Sources */ = {isa = PBXBuildFile; fileRef = 8249535C24F8E74D0044267B /* ViewController.m */; };
		8249536024F8E74D0044267B /* Main.storyboard in Resources */ = {isa = PBXBuildFile; fileRef = 8249535E24F8E74D0044267B /* Main.storyboard */; };
		8249536224F8E7540044267B /* Assets.xcassets in Resources */ = {isa = PBXBuildFile; fileRef = 8249536124F8E7540044267B /* Assets.xcassets */; };
		8249536524F8E7540044267B /* LaunchScreen.storyboard in Resources */ = {isa = PBXBuildFile; fileRef = 8249536324F8E7540044267B /* LaunchScreen.storyboard */; };
		8249536824F8E7540044267B /* main.m in Sources */ = {isa = PBXBuildFile; fileRef = 8249536724F8E7540044267B /* main.m */; };
		8249537024F8EBC50044267B /* AlphaVideoPlayExportViewController.m in Sources */ = {isa = PBXBuildFile; fileRef = 8249536F24F8EBC50044267B /* AlphaVideoPlayExportViewController.m */; };
		8249542324F8F9130044267B /* mvJson.json in Resources */ = {isa = PBXBuildFile; fileRef = 8249542024F8F9130044267B /* mvJson.json */; };
		8249542424F8F9130044267B /* mvAlpha.mp4 in Resources */ = {isa = PBXBuildFile; fileRef = 8249542124F8F9130044267B /* mvAlpha.mp4 */; };
		8249542524F8F9130044267B /* mvRGB.mp4 in Resources */ = {isa = PBXBuildFile; fileRef = 8249542224F8F9130044267B /* mvRGB.mp4 */; };
		826FCCFF24FE3E300057C74C /* Lzma2Dec.c in Sources */ = {isa = PBXBuildFile; fileRef = 826FCC8A24FE3E2F0057C74C /* Lzma2Dec.c */; };
		826FCD0024FE3E300057C74C /* Ppmd7Dec.c in Sources */ = {isa = PBXBuildFile; fileRef = 826FCC8C24FE3E2F0057C74C /* Ppmd7Dec.c */; };
		826FCD0124FE3E300057C74C /* 7zAlloc.c in Sources */ = {isa = PBXBuildFile; fileRef = 826FCC9024FE3E2F0057C74C /* 7zAlloc.c */; };
		826FCD0224FE3E300057C74C /* 7zMain.c in Sources */ = {isa = PBXBuildFile; fileRef = 826FCC9124FE3E2F0057C74C /* 7zMain.c */; };
		826FCD0324FE3E300057C74C /* Ppmd7.c in Sources */ = {isa = PBXBuildFile; fileRef = 826FCC9524FE3E2F0057C74C /* Ppmd7.c */; };
		826FCD0424FE3E300057C74C /* 7zIn.c in Sources */ = {isa = PBXBuildFile; fileRef = 826FCC9824FE3E2F0057C74C /* 7zIn.c */; };
		826FCD0524FE3E300057C74C /* Alloc.c in Sources */ = {isa = PBXBuildFile; fileRef = 826FCC9B24FE3E2F0057C74C /* Alloc.c */; };
		826FCD0624FE3E300057C74C /* LZMAExtractor.m in Sources */ = {isa = PBXBuildFile; fileRef = 826FCC9C24FE3E2F0057C74C /* LZMAExtractor.m */; };
		826FCD0724FE3E300057C74C /* LzmaDec.c in Sources */ = {isa = PBXBuildFile; fileRef = 826FCC9D24FE3E2F0057C74C /* LzmaDec.c */; };
		826FCD0824FE3E300057C74C /* Ppmd8.c in Sources */ = {isa = PBXBuildFile; fileRef = 826FCC9E24FE3E2F0057C74C /* Ppmd8.c */; };
		826FCD0924FE3E300057C74C /* 7zDec.c in Sources */ = {isa = PBXBuildFile; fileRef = 826FCC9F24FE3E2F0057C74C /* 7zDec.c */; };
		826FCD0A24FE3E300057C74C /* 7zBuf2.c in Sources */ = {isa = PBXBuildFile; fileRef = 826FCCA124FE3E2F0057C74C /* 7zBuf2.c */; };
		826FCD0B24FE3E300057C74C /* 7zStream.c in Sources */ = {isa = PBXBuildFile; fileRef = 826FCCA224FE3E2F0057C74C /* 7zStream.c */; };
		826FCD0C24FE3E300057C74C /* Delta.c in Sources */ = {isa = PBXBuildFile; fileRef = 826FCCA424FE3E2F0057C74C /* Delta.c */; };
		826FCD0D24FE3E300057C74C /* 7zFile.c in Sources */ = {isa = PBXBuildFile; fileRef = 826FCCA624FE3E2F0057C74C /* 7zFile.c */; };
		826FCD0E24FE3E300057C74C /* CpuArch.c in Sources */ = {isa = PBXBuildFile; fileRef = 826FCCA924FE3E2F0057C74C /* CpuArch.c */; };
		826FCD0F24FE3E300057C74C /* Ppmd8Dec.c in Sources */ = {isa = PBXBuildFile; fileRef = 826FCCAB24FE3E2F0057C74C /* Ppmd8Dec.c */; };
		826FCD1024FE3E300057C74C /* 7zBuf.c in Sources */ = {isa = PBXBuildFile; fileRef = 826FCCAE24FE3E2F0057C74C /* 7zBuf.c */; };
		826FCD1124FE3E300057C74C /* AVFrameDecoder.m in Sources */ = {isa = PBXBuildFile; fileRef = 826FCCB124FE3E2F0057C74C /* AVFrameDecoder.m */; };
		826FCD1224FE3E300057C74C /* AVMvidFileWriter.m in Sources */ = {isa = PBXBuildFile; fileRef = 826FCCB424FE3E2F0057C74C /* AVMvidFileWriter.m */; };
		826FCD1324FE3E300057C74C /* AV7zAppResourceLoader.m in Sources */ = {isa = PBXBuildFile; fileRef = 826FCCB924FE3E2F0057C74C /* AV7zAppResourceLoader.m */; };
		826FCD1424FE3E300057C74C /* AVAnimatorLayer.m in Sources */ = {isa = PBXBuildFile; fileRef = 826FCCBB24FE3E2F0057C74C /* AVAnimatorLayer.m */; };
		826FCD1524FE3E300057C74C /* AVImageFrameDecoder.m in Sources */ = {isa = PBXBuildFile; fileRef = 826FCCBD24FE3E300057C74C /* AVImageFrameDecoder.m */; };
		826FCD1624FE3E300057C74C /* AVAppResourceLoader.m in Sources */ = {isa = PBXBuildFile; fileRef = 826FCCBE24FE3E300057C74C /* AVAppResourceLoader.m */; };
		826FCD1724FE3E300057C74C /* AVFrame.m in Sources */ = {isa = PBXBuildFile; fileRef = 826FCCC324FE3E300057C74C /* AVFrame.m */; };
		826FCD1824FE3E300057C74C /* maxvid_file.c in Sources */ = {isa = PBXBuildFile; fileRef = 826FCCC524FE3E300057C74C /* maxvid_file.c */; };
		826FCD1924FE3E300057C74C /* AVAnimatorMedia.m in Sources */ = {isa = PBXBuildFile; fileRef = 826FCCCF24FE3E300057C74C /* AVAnimatorMedia.m */; };
		826FCD1A24FE3E300057C74C /* movdata.c in Sources */ = {isa = PBXBuildFile; fileRef = 826FCCD124FE3E300057C74C /* movdata.c */; };
		826FCD1B24FE3E300057C74C /* libapng.c in Sources */ = {isa = PBXBuildFile; fileRef = 826FCCD524FE3E300057C74C /* libapng.c */; };
		826FCD1C24FE3E300057C74C /* AVResourceLoader.m in Sources */ = {isa = PBXBuildFile; fileRef = 826FCCD624FE3E300057C74C /* AVResourceLoader.m */; };
		826FCD1D24FE3E300057C74C /* AVAsset2MvidResourceLoader.m in Sources */ = {isa = PBXBuildFile; fileRef = 826FCCD724FE3E300057C74C /* AVAsset2MvidResourceLoader.m */; };
		826FCD1E24FE3E300057C74C /* maxvid_decode_arm.s in Sources */ = {isa = PBXBuildFile; fileRef = 826FCCD924FE3E300057C74C /* maxvid_decode_arm.s */; };
		826FCD1F24FE3E300057C74C /* maxvid_decode.c in Sources */ = {isa = PBXBuildFile; fileRef = 826FCCDD24FE3E300057C74C /* maxvid_decode.c */; };
		826FCD2024FE3E300057C74C /* maxvid_deltas.m in Sources */ = {isa = PBXBuildFile; fileRef = 826FCCDE24FE3E300057C74C /* maxvid_deltas.m */; };
		826FCD2124FE3E300057C74C /* AVAssetAlphaFrameDecoder.m in Sources */ = {isa = PBXBuildFile; fileRef = 826FCCDF24FE3E300057C74C /* AVAssetAlphaFrameDecoder.m */; };
		826FCD2224FE3E300057C74C /* CGFrameBuffer.m in Sources */ = {isa = PBXBuildFile; fileRef = 826FCCE024FE3E300057C74C /* CGFrameBuffer.m */; };
		826FCD2324FE3E300057C74C /* AVGIF89A2MvidResourceLoader.m in Sources */ = {isa = PBXBuildFile; fileRef = 826FCCE124FE3E300057C74C /* AVGIF89A2MvidResourceLoader.m */; };
		826FCD2424FE3E300057C74C /* AVApng2MvidResourceLoader.m in Sources */ = {isa = PBXBuildFile; fileRef = 826FCCE324FE3E300057C74C /* AVApng2MvidResourceLoader.m */; };
		826FCD2524FE3E300057C74C /* AVAssetJoinAlphaResourceLoader.m in Sources */ = {isa = PBXBuildFile; fileRef = 826FCCE424FE3E300057C74C /* AVAssetJoinAlphaResourceLoader.m */; };
		826FCD2624FE3E300057C74C /* maxvid_encode.m in Sources */ = {isa = PBXBuildFile; fileRef = 826FCCE624FE3E300057C74C /* maxvid_encode.m */; };
		826FCD2724FE3E300057C74C /* AVAnimatorOpenGLView.m in Sources */ = {isa = PBXBuildFile; fileRef = 826FCCE724FE3E300057C74C /* AVAnimatorOpenGLView.m */; };
		826FCD2824FE3E300057C74C /* AV7zApng2MvidResourceLoader.m in Sources */ = {isa = PBXBuildFile; fileRef = 826FCCE824FE3E300057C74C /* AV7zApng2MvidResourceLoader.m */; };
		826FCD2924FE3E300057C74C /* AVAnimatorH264AlphaPlayer.m in Sources */ = {isa = PBXBuildFile; fileRef = 826FCCE924FE3E300057C74C /* AVAnimatorH264AlphaPlayer.m */; };
		826FCD2A24FE3E300057C74C /* AVAnimatorView.m in Sources */ = {isa = PBXBuildFile; fileRef = 826FCCEB24FE3E300057C74C /* AVAnimatorView.m */; };
		826FCD2B24FE3E300057C74C /* AVFileUtil.m in Sources */ = {isa = PBXBuildFile; fileRef = 826FCCEC24FE3E300057C74C /* AVFileUtil.m */; };
		826FCD2C24FE3E300057C74C /* AVAssetFrameDecoder.m in Sources */ = {isa = PBXBuildFile; fileRef = 826FCCED24FE3E300057C74C /* AVAssetFrameDecoder.m */; };
		826FCD2D24FE3E300057C74C /* MutableAttrString.m in Sources */ = {isa = PBXBuildFile; fileRef = 826FCCEE24FE3E300057C74C /* MutableAttrString.m */; };
		826FCD2E24FE3E300057C74C /* AVMvidFrameDecoder.m in Sources */ = {isa = PBXBuildFile; fileRef = 826FCCEF24FE3E300057C74C /* AVMvidFrameDecoder.m */; };
		826FCD2F24FE3E300057C74C /* AVStreamEncodeDecode.m in Sources */ = {isa = PBXBuildFile; fileRef = 826FCCF024FE3E300057C74C /* AVStreamEncodeDecode.m */; };
		826FCD3024FE3E300057C74C /* AVAssetMixAlphaResourceLoader.m in Sources */ = {isa = PBXBuildFile; fileRef = 826FCCF124FE3E300057C74C /* AVAssetMixAlphaResourceLoader.m */; };
		826FCD3124FE3E300057C74C /* AVAssetReaderConvertMaxvid.m in Sources */ = {isa = PBXBuildFile; fileRef = 826FCCF324FE3E300057C74C /* AVAssetReaderConvertMaxvid.m */; };
		826FCD3224FE3E300057C74C /* SegmentedMappedData.m in Sources */ = {isa = PBXBuildFile; fileRef = 826FCCF924FE3E300057C74C /* SegmentedMappedData.m */; };
		826FCD3324FE3E300057C74C /* AVOfflineComposition.m in Sources */ = {isa = PBXBuildFile; fileRef = 826FCCFA24FE3E300057C74C /* AVOfflineComposition.m */; };
		826FCD3424FE3E300057C74C /* AVAssetWriterConvertFromMaxvid.m in Sources */ = {isa = PBXBuildFile; fileRef = 826FCCFB24FE3E300057C74C /* AVAssetWriterConvertFromMaxvid.m */; };
		826FCD3524FE3E300057C74C /* ApngConvertMaxvid.m in Sources */ = {isa = PBXBuildFile; fileRef = 826FCCFE24FE3E300057C74C /* ApngConvertMaxvid.m */; };
		826FCD3724FFC5E10057C74C /* Demo-big.m4v in Resources */ = {isa = PBXBuildFile; fileRef = 826FCD3624FFC5E10057C74C /* Demo-big.m4v */; };
		826FCD3924FFC7280057C74C /* demo-green.mp4 in Resources */ = {isa = PBXBuildFile; fileRef = 826FCD3824FFC7280057C74C /* demo-green.mp4 */; };
		826FCD3B24FFE6FA0057C74C /* testImg.JPG in Resources */ = {isa = PBXBuildFile; fileRef = 826FCD3A24FFE6F90057C74C /* testImg.JPG */; };
		826FCD3D250095210057C74C /* tmp-1.jpg in Resources */ = {isa = PBXBuildFile; fileRef = 826FCD3C250095210057C74C /* tmp-1.jpg */; };
		826FCD402500990E0057C74C /* ImageMakeToMovie.m in Sources */ = {isa = PBXBuildFile; fileRef = 826FCD3E2500990E0057C74C /* ImageMakeToMovie.m */; };
		826FCD472500F1590057C74C /* AVAssetAlphaJoinBgImgExportVideo.m in Sources */ = {isa = PBXBuildFile; fileRef = 826FCD462500F1590057C74C /* AVAssetAlphaJoinBgImgExportVideo.m */; };
/* End PBXBuildFile section */

/* Begin PBXFileReference section */
		8249535224F8E74D0044267B /* 透明播放并导出实现.app */ = {isa = PBXFileReference; explicitFileType = wrapper.application; includeInIndex = 0; path = "透明播放并导出实现.app"; sourceTree = BUILT_PRODUCTS_DIR; };
		8249535524F8E74D0044267B /* AppDelegate.h */ = {isa = PBXFileReference; lastKnownFileType = sourcecode.c.h; path = AppDelegate.h; sourceTree = "<group>"; };
		8249535624F8E74D0044267B /* AppDelegate.m */ = {isa = PBXFileReference; lastKnownFileType = sourcecode.c.objc; path = AppDelegate.m; sourceTree = "<group>"; };
		8249535824F8E74D0044267B /* SceneDelegate.h */ = {isa = PBXFileReference; lastKnownFileType = sourcecode.c.h; path = SceneDelegate.h; sourceTree = "<group>"; };
		8249535924F8E74D0044267B /* SceneDelegate.m */ = {isa = PBXFileReference; lastKnownFileType = sourcecode.c.objc; path = SceneDelegate.m; sourceTree = "<group>"; };
		8249535B24F8E74D0044267B /* ViewController.h */ = {isa = PBXFileReference; lastKnownFileType = sourcecode.c.h; path = ViewController.h; sourceTree = "<group>"; };
		8249535C24F8E74D0044267B /* ViewController.m */ = {isa = PBXFileReference; lastKnownFileType = sourcecode.c.objc; path = ViewController.m; sourceTree = "<group>"; };
		8249535F24F8E74D0044267B /* Base */ = {isa = PBXFileReference; lastKnownFileType = file.storyboard; name = Base; path = Base.lproj/Main.storyboard; sourceTree = "<group>"; };
		8249536124F8E7540044267B /* Assets.xcassets */ = {isa = PBXFileReference; lastKnownFileType = folder.assetcatalog; path = Assets.xcassets; sourceTree = "<group>"; };
		8249536424F8E7540044267B /* Base */ = {isa = PBXFileReference; lastKnownFileType = file.storyboard; name = Base; path = Base.lproj/LaunchScreen.storyboard; sourceTree = "<group>"; };
		8249536624F8E7540044267B /* Info.plist */ = {isa = PBXFileReference; lastKnownFileType = text.plist.xml; path = Info.plist; sourceTree = "<group>"; };
		8249536724F8E7540044267B /* main.m */ = {isa = PBXFileReference; lastKnownFileType = sourcecode.c.objc; path = main.m; sourceTree = "<group>"; };
		8249536E24F8EBC50044267B /* AlphaVideoPlayExportViewController.h */ = {isa = PBXFileReference; lastKnownFileType = sourcecode.c.h; path = AlphaVideoPlayExportViewController.h; sourceTree = "<group>"; };
		8249536F24F8EBC50044267B /* AlphaVideoPlayExportViewController.m */ = {isa = PBXFileReference; lastKnownFileType = sourcecode.c.objc; path = AlphaVideoPlayExportViewController.m; sourceTree = "<group>"; };
		8249542024F8F9130044267B /* mvJson.json */ = {isa = PBXFileReference; fileEncoding = 4; lastKnownFileType = text.json; path = mvJson.json; sourceTree = "<group>"; };
		8249542124F8F9130044267B /* mvAlpha.mp4 */ = {isa = PBXFileReference; lastKnownFileType = file; path = mvAlpha.mp4; sourceTree = "<group>"; };
		8249542224F8F9130044267B /* mvRGB.mp4 */ = {isa = PBXFileReference; lastKnownFileType = file; path = mvRGB.mp4; sourceTree = "<group>"; };
		826FCC8A24FE3E2F0057C74C /* Lzma2Dec.c */ = {isa = PBXFileReference; fileEncoding = 4; lastKnownFileType = sourcecode.c.c; path = Lzma2Dec.c; sourceTree = "<group>"; };
		826FCC8B24FE3E2F0057C74C /* LzHash.h */ = {isa = PBXFileReference; fileEncoding = 4; lastKnownFileType = sourcecode.c.h; path = LzHash.h; sourceTree = "<group>"; };
		826FCC8C24FE3E2F0057C74C /* Ppmd7Dec.c */ = {isa = PBXFileReference; fileEncoding = 4; lastKnownFileType = sourcecode.c.c; path = Ppmd7Dec.c; sourceTree = "<group>"; };
		826FCC8D24FE3E2F0057C74C /* Ppmd8.h */ = {isa = PBXFileReference; fileEncoding = 4; lastKnownFileType = sourcecode.c.h; path = Ppmd8.h; sourceTree = "<group>"; };
		826FCC9024FE3E2F0057C74C /* 7zAlloc.c */ = {isa = PBXFileReference; fileEncoding = 4; lastKnownFileType = sourcecode.c.c; path = 7zAlloc.c; sourceTree = "<group>"; };
		826FCC9124FE3E2F0057C74C /* 7zMain.c */ = {isa = PBXFileReference; fileEncoding = 4; lastKnownFileType = sourcecode.c.c; path = 7zMain.c; sourceTree = "<group>"; };
		826FCC9224FE3E2F0057C74C /* 7zAlloc.h */ = {isa = PBXFileReference; fileEncoding = 4; lastKnownFileType = sourcecode.c.h; path = 7zAlloc.h; sourceTree = "<group>"; };
		826FCC9324FE3E2F0057C74C /* Types.h */ = {isa = PBXFileReference; fileEncoding = 4; lastKnownFileType = sourcecode.c.h; path = Types.h; sourceTree = "<group>"; };
		826FCC9424FE3E2F0057C74C /* CpuArch.h */ = {isa = PBXFileReference; fileEncoding = 4; lastKnownFileType = sourcecode.c.h; path = CpuArch.h; sourceTree = "<group>"; };
		826FCC9524FE3E2F0057C74C /* Ppmd7.c */ = {isa = PBXFileReference; fileEncoding = 4; lastKnownFileType = sourcecode.c.c; path = Ppmd7.c; sourceTree = "<group>"; };
		826FCC9624FE3E2F0057C74C /* Delta.h */ = {isa = PBXFileReference; fileEncoding = 4; lastKnownFileType = sourcecode.c.h; path = Delta.h; sourceTree = "<group>"; };
		826FCC9724FE3E2F0057C74C /* 7zFile.h */ = {isa = PBXFileReference; fileEncoding = 4; lastKnownFileType = sourcecode.c.h; path = 7zFile.h; sourceTree = "<group>"; };
		826FCC9824FE3E2F0057C74C /* 7zIn.c */ = {isa = PBXFileReference; fileEncoding = 4; lastKnownFileType = sourcecode.c.c; path = 7zIn.c; sourceTree = "<group>"; };
		826FCC9924FE3E2F0057C74C /* 7zBuf.h */ = {isa = PBXFileReference; fileEncoding = 4; lastKnownFileType = sourcecode.c.h; path = 7zBuf.h; sourceTree = "<group>"; };
		826FCC9A24FE3E2F0057C74C /* 7z.h */ = {isa = PBXFileReference; fileEncoding = 4; lastKnownFileType = sourcecode.c.h; path = 7z.h; sourceTree = "<group>"; };
		826FCC9B24FE3E2F0057C74C /* Alloc.c */ = {isa = PBXFileReference; fileEncoding = 4; lastKnownFileType = sourcecode.c.c; path = Alloc.c; sourceTree = "<group>"; };
		826FCC9C24FE3E2F0057C74C /* LZMAExtractor.m */ = {isa = PBXFileReference; fileEncoding = 4; lastKnownFileType = sourcecode.c.objc; path = LZMAExtractor.m; sourceTree = "<group>"; };
		826FCC9D24FE3E2F0057C74C /* LzmaDec.c */ = {isa = PBXFileReference; fileEncoding = 4; lastKnownFileType = sourcecode.c.c; path = LzmaDec.c; sourceTree = "<group>"; };
		826FCC9E24FE3E2F0057C74C /* Ppmd8.c */ = {isa = PBXFileReference; fileEncoding = 4; lastKnownFileType = sourcecode.c.c; path = Ppmd8.c; sourceTree = "<group>"; };
		826FCC9F24FE3E2F0057C74C /* 7zDec.c */ = {isa = PBXFileReference; fileEncoding = 4; lastKnownFileType = sourcecode.c.c; path = 7zDec.c; sourceTree = "<group>"; };
		826FCCA024FE3E2F0057C74C /* Lzma2Dec.h */ = {isa = PBXFileReference; fileEncoding = 4; lastKnownFileType = sourcecode.c.h; path = Lzma2Dec.h; sourceTree = "<group>"; };
		826FCCA124FE3E2F0057C74C /* 7zBuf2.c */ = {isa = PBXFileReference; fileEncoding = 4; lastKnownFileType = sourcecode.c.c; path = 7zBuf2.c; sourceTree = "<group>"; };
		826FCCA224FE3E2F0057C74C /* 7zStream.c */ = {isa = PBXFileReference; fileEncoding = 4; lastKnownFileType = sourcecode.c.c; path = 7zStream.c; sourceTree = "<group>"; };
		826FCCA324FE3E2F0057C74C /* Ppmd.h */ = {isa = PBXFileReference; fileEncoding = 4; lastKnownFileType = sourcecode.c.h; path = Ppmd.h; sourceTree = "<group>"; };
		826FCCA424FE3E2F0057C74C /* Delta.c */ = {isa = PBXFileReference; fileEncoding = 4; lastKnownFileType = sourcecode.c.c; path = Delta.c; sourceTree = "<group>"; };
		826FCCA524FE3E2F0057C74C /* 7zVersion.h */ = {isa = PBXFileReference; fileEncoding = 4; lastKnownFileType = sourcecode.c.h; path = 7zVersion.h; sourceTree = "<group>"; };
		826FCCA624FE3E2F0057C74C /* 7zFile.c */ = {isa = PBXFileReference; fileEncoding = 4; lastKnownFileType = sourcecode.c.c; path = 7zFile.c; sourceTree = "<group>"; };
		826FCCA724FE3E2F0057C74C /* RotateDefs.h */ = {isa = PBXFileReference; fileEncoding = 4; lastKnownFileType = sourcecode.c.h; path = RotateDefs.h; sourceTree = "<group>"; };
		826FCCA824FE3E2F0057C74C /* Ppmd7.h */ = {isa = PBXFileReference; fileEncoding = 4; lastKnownFileType = sourcecode.c.h; path = Ppmd7.h; sourceTree = "<group>"; };
		826FCCA924FE3E2F0057C74C /* CpuArch.c */ = {isa = PBXFileReference; fileEncoding = 4; lastKnownFileType = sourcecode.c.c; path = CpuArch.c; sourceTree = "<group>"; };
		826FCCAA24FE3E2F0057C74C /* LzmaDec.h */ = {isa = PBXFileReference; fileEncoding = 4; lastKnownFileType = sourcecode.c.h; path = LzmaDec.h; sourceTree = "<group>"; };
		826FCCAB24FE3E2F0057C74C /* Ppmd8Dec.c */ = {isa = PBXFileReference; fileEncoding = 4; lastKnownFileType = sourcecode.c.c; path = Ppmd8Dec.c; sourceTree = "<group>"; };
		826FCCAC24FE3E2F0057C74C /* LZMAExtractor.h */ = {isa = PBXFileReference; fileEncoding = 4; lastKnownFileType = sourcecode.c.h; path = LZMAExtractor.h; sourceTree = "<group>"; };
		826FCCAD24FE3E2F0057C74C /* Alloc.h */ = {isa = PBXFileReference; fileEncoding = 4; lastKnownFileType = sourcecode.c.h; path = Alloc.h; sourceTree = "<group>"; };
		826FCCAE24FE3E2F0057C74C /* 7zBuf.c */ = {isa = PBXFileReference; fileEncoding = 4; lastKnownFileType = sourcecode.c.c; path = 7zBuf.c; sourceTree = "<group>"; };
		826FCCB024FE3E2F0057C74C /* maxvid_encode.h */ = {isa = PBXFileReference; fileEncoding = 4; lastKnownFileType = sourcecode.c.h; path = maxvid_encode.h; sourceTree = "<group>"; };
		826FCCB124FE3E2F0057C74C /* AVFrameDecoder.m */ = {isa = PBXFileReference; fileEncoding = 4; lastKnownFileType = sourcecode.c.objc; path = AVFrameDecoder.m; sourceTree = "<group>"; };
		826FCCB224FE3E2F0057C74C /* AVApng2MvidResourceLoader.h */ = {isa = PBXFileReference; fileEncoding = 4; lastKnownFileType = sourcecode.c.h; path = AVApng2MvidResourceLoader.h; sourceTree = "<group>"; };
		826FCCB324FE3E2F0057C74C /* AVAssetJoinAlphaResourceLoader.h */ = {isa = PBXFileReference; fileEncoding = 4; lastKnownFileType = sourcecode.c.h; path = AVAssetJoinAlphaResourceLoader.h; sourceTree = "<group>"; };
		826FCCB424FE3E2F0057C74C /* AVMvidFileWriter.m */ = {isa = PBXFileReference; fileEncoding = 4; lastKnownFileType = sourcecode.c.objc; path = AVMvidFileWriter.m; sourceTree = "<group>"; };
		826FCCB524FE3E2F0057C74C /* AVGIF89A2MvidResourceLoader.h */ = {isa = PBXFileReference; fileEncoding = 4; lastKnownFileType = sourcecode.c.h; path = AVGIF89A2MvidResourceLoader.h; sourceTree = "<group>"; };
		826FCCB624FE3E2F0057C74C /* CGFrameBuffer.h */ = {isa = PBXFileReference; fileEncoding = 4; lastKnownFileType = sourcecode.c.h; path = CGFrameBuffer.h; sourceTree = "<group>"; };
		826FCCB724FE3E2F0057C74C /* maxvid_deltas.h */ = {isa = PBXFileReference; fileEncoding = 4; lastKnownFileType = sourcecode.c.h; path = maxvid_deltas.h; sourceTree = "<group>"; };
		826FCCB824FE3E2F0057C74C /* AVAssetAlphaFrameDecoder.h */ = {isa = PBXFileReference; fileEncoding = 4; lastKnownFileType = sourcecode.c.h; path = AVAssetAlphaFrameDecoder.h; sourceTree = "<group>"; };
		826FCCB924FE3E2F0057C74C /* AV7zAppResourceLoader.m */ = {isa = PBXFileReference; fileEncoding = 4; lastKnownFileType = sourcecode.c.objc; path = AV7zAppResourceLoader.m; sourceTree = "<group>"; };
		826FCCBA24FE3E2F0057C74C /* AVAnimatorLayerPrivate.h */ = {isa = PBXFileReference; fileEncoding = 4; lastKnownFileType = sourcecode.c.h; path = AVAnimatorLayerPrivate.h; sourceTree = "<group>"; };
		826FCCBB24FE3E2F0057C74C /* AVAnimatorLayer.m */ = {isa = PBXFileReference; fileEncoding = 4; lastKnownFileType = sourcecode.c.objc; path = AVAnimatorLayer.m; sourceTree = "<group>"; };
		826FCCBC24FE3E2F0057C74C /* maxvid_decode.h */ = {isa = PBXFileReference; fileEncoding = 4; lastKnownFileType = sourcecode.c.h; path = maxvid_decode.h; sourceTree = "<group>"; };
		826FCCBD24FE3E300057C74C /* AVImageFrameDecoder.m */ = {isa = PBXFileReference; fileEncoding = 4; lastKnownFileType = sourcecode.c.objc; path = AVImageFrameDecoder.m; sourceTree = "<group>"; };
		826FCCBE24FE3E300057C74C /* AVAppResourceLoader.m */ = {isa = PBXFileReference; fileEncoding = 4; lastKnownFileType = sourcecode.c.objc; path = AVAppResourceLoader.m; sourceTree = "<group>"; };
		826FCCBF24FE3E300057C74C /* AV7zApng2MvidResourceLoader.h */ = {isa = PBXFileReference; fileEncoding = 4; lastKnownFileType = sourcecode.c.h; path = AV7zApng2MvidResourceLoader.h; sourceTree = "<group>"; };
		826FCCC024FE3E300057C74C /* AVAnimatorH264AlphaPlayer.h */ = {isa = PBXFileReference; fileEncoding = 4; lastKnownFileType = sourcecode.c.h; path = AVAnimatorH264AlphaPlayer.h; sourceTree = "<group>"; };
		826FCCC124FE3E300057C74C /* AVAnimatorOpenGLView.h */ = {isa = PBXFileReference; fileEncoding = 4; lastKnownFileType = sourcecode.c.h; path = AVAnimatorOpenGLView.h; sourceTree = "<group>"; };
		826FCCC224FE3E300057C74C /* AVAssetMixAlphaResourceLoader.h */ = {isa = PBXFileReference; fileEncoding = 4; lastKnownFileType = sourcecode.c.h; path = AVAssetMixAlphaResourceLoader.h; sourceTree = "<group>"; };
		826FCCC324FE3E300057C74C /* AVFrame.m */ = {isa = PBXFileReference; fileEncoding = 4; lastKnownFileType = sourcecode.c.objc; path = AVFrame.m; sourceTree = "<group>"; };
		826FCCC424FE3E300057C74C /* AVAssetReaderConvertMaxvid.h */ = {isa = PBXFileReference; fileEncoding = 4; lastKnownFileType = sourcecode.c.h; path = AVAssetReaderConvertMaxvid.h; sourceTree = "<group>"; };
		826FCCC524FE3E300057C74C /* maxvid_file.c */ = {isa = PBXFileReference; fileEncoding = 4; lastKnownFileType = sourcecode.c.c; path = maxvid_file.c; sourceTree = "<group>"; };
		826FCCC624FE3E300057C74C /* AVAssetConvertCommon.h */ = {isa = PBXFileReference; fileEncoding = 4; lastKnownFileType = sourcecode.c.h; path = AVAssetConvertCommon.h; sourceTree = "<group>"; };
		826FCCC724FE3E300057C74C /* AVAnimatorMediaPrivate.h */ = {isa = PBXFileReference; fileEncoding = 4; lastKnownFileType = sourcecode.c.h; path = AVAnimatorMediaPrivate.h; sourceTree = "<group>"; };
		826FCCC824FE3E300057C74C /* AVMvidFrameDecoder.h */ = {isa = PBXFileReference; fileEncoding = 4; lastKnownFileType = sourcecode.c.h; path = AVMvidFrameDecoder.h; sourceTree = "<group>"; };
		826FCCC924FE3E300057C74C /* AVStreamEncodeDecode.h */ = {isa = PBXFileReference; fileEncoding = 4; lastKnownFileType = sourcecode.c.h; path = AVStreamEncodeDecode.h; sourceTree = "<group>"; };
		826FCCCA24FE3E300057C74C /* MutableAttrString.h */ = {isa = PBXFileReference; fileEncoding = 4; lastKnownFileType = sourcecode.c.h; path = MutableAttrString.h; sourceTree = "<group>"; };
		826FCCCB24FE3E300057C74C /* AVFileUtil.h */ = {isa = PBXFileReference; fileEncoding = 4; lastKnownFileType = sourcecode.c.h; path = AVFileUtil.h; sourceTree = "<group>"; };
		826FCCCC24FE3E300057C74C /* AVAssetFrameDecoder.h */ = {isa = PBXFileReference; fileEncoding = 4; lastKnownFileType = sourcecode.c.h; path = AVAssetFrameDecoder.h; sourceTree = "<group>"; };
		826FCCCD24FE3E300057C74C /* AVAnimatorView.h */ = {isa = PBXFileReference; fileEncoding = 4; lastKnownFileType = sourcecode.c.h; path = AVAnimatorView.h; sourceTree = "<group>"; };
		826FCCCE24FE3E300057C74C /* ApngConvertMaxvid.h */ = {isa = PBXFileReference; fileEncoding = 4; lastKnownFileType = sourcecode.c.h; path = ApngConvertMaxvid.h; sourceTree = "<group>"; };
		826FCCCF24FE3E300057C74C /* AVAnimatorMedia.m */ = {isa = PBXFileReference; fileEncoding = 4; lastKnownFileType = sourcecode.c.objc; path = AVAnimatorMedia.m; sourceTree = "<group>"; };
		826FCCD024FE3E300057C74C /* AVAssetWriterConvertFromMaxvid.h */ = {isa = PBXFileReference; fileEncoding = 4; lastKnownFileType = sourcecode.c.h; path = AVAssetWriterConvertFromMaxvid.h; sourceTree = "<group>"; };
		826FCCD124FE3E300057C74C /* movdata.c */ = {isa = PBXFileReference; fileEncoding = 4; lastKnownFileType = sourcecode.c.c; path = movdata.c; sourceTree = "<group>"; };
		826FCCD224FE3E300057C74C /* AVAnimatorMediaRendererProtocol.h */ = {isa = PBXFileReference; fileEncoding = 4; lastKnownFileType = sourcecode.c.h; path = AVAnimatorMediaRendererProtocol.h; sourceTree = "<group>"; };
		826FCCD324FE3E300057C74C /* SegmentedMappedData.h */ = {isa = PBXFileReference; fileEncoding = 4; lastKnownFileType = sourcecode.c.h; path = SegmentedMappedData.h; sourceTree = "<group>"; };
		826FCCD424FE3E300057C74C /* AVOfflineComposition.h */ = {isa = PBXFileReference; fileEncoding = 4; lastKnownFileType = sourcecode.c.h; path = AVOfflineComposition.h; sourceTree = "<group>"; };
		826FCCD524FE3E300057C74C /* libapng.c */ = {isa = PBXFileReference; fileEncoding = 4; lastKnownFileType = sourcecode.c.c; path = libapng.c; sourceTree = "<group>"; };
		826FCCD624FE3E300057C74C /* AVResourceLoader.m */ = {isa = PBXFileReference; fileEncoding = 4; lastKnownFileType = sourcecode.c.objc; path = AVResourceLoader.m; sourceTree = "<group>"; };
		826FCCD724FE3E300057C74C /* AVAsset2MvidResourceLoader.m */ = {isa = PBXFileReference; fileEncoding = 4; lastKnownFileType = sourcecode.c.objc; path = AVAsset2MvidResourceLoader.m; sourceTree = "<group>"; };
		826FCCD824FE3E300057C74C /* AVImageFrameDecoder.h */ = {isa = PBXFileReference; fileEncoding = 4; lastKnownFileType = sourcecode.c.h; path = AVImageFrameDecoder.h; sourceTree = "<group>"; };
		826FCCD924FE3E300057C74C /* maxvid_decode_arm.s */ = {isa = PBXFileReference; fileEncoding = 4; lastKnownFileType = sourcecode.asm; path = maxvid_decode_arm.s; sourceTree = "<group>"; };
		826FCCDA24FE3E300057C74C /* AVAnimatorViewPrivate.h */ = {isa = PBXFileReference; fileEncoding = 4; lastKnownFileType = sourcecode.c.h; path = AVAnimatorViewPrivate.h; sourceTree = "<group>"; };
		826FCCDB24FE3E300057C74C /* AVAnimatorLayer.h */ = {isa = PBXFileReference; fileEncoding = 4; lastKnownFileType = sourcecode.c.h; path = AVAnimatorLayer.h; sourceTree = "<group>"; };
		826FCCDC24FE3E300057C74C /* AV7zAppResourceLoader.h */ = {isa = PBXFileReference; fileEncoding = 4; lastKnownFileType = sourcecode.c.h; path = AV7zAppResourceLoader.h; sourceTree = "<group>"; };
		826FCCDD24FE3E300057C74C /* maxvid_decode.c */ = {isa = PBXFileReference; fileEncoding = 4; lastKnownFileType = sourcecode.c.c; path = maxvid_decode.c; sourceTree = "<group>"; };
		826FCCDE24FE3E300057C74C /* maxvid_deltas.m */ = {isa = PBXFileReference; fileEncoding = 4; lastKnownFileType = sourcecode.c.objc; path = maxvid_deltas.m; sourceTree = "<group>"; };
		826FCCDF24FE3E300057C74C /* AVAssetAlphaFrameDecoder.m */ = {isa = PBXFileReference; fileEncoding = 4; lastKnownFileType = sourcecode.c.objc; path = AVAssetAlphaFrameDecoder.m; sourceTree = "<group>"; };
		826FCCE024FE3E300057C74C /* CGFrameBuffer.m */ = {isa = PBXFileReference; fileEncoding = 4; lastKnownFileType = sourcecode.c.objc; path = CGFrameBuffer.m; sourceTree = "<group>"; };
		826FCCE124FE3E300057C74C /* AVGIF89A2MvidResourceLoader.m */ = {isa = PBXFileReference; fileEncoding = 4; lastKnownFileType = sourcecode.c.objc; path = AVGIF89A2MvidResourceLoader.m; sourceTree = "<group>"; };
		826FCCE224FE3E300057C74C /* AVMvidFileWriter.h */ = {isa = PBXFileReference; fileEncoding = 4; lastKnownFileType = sourcecode.c.h; path = AVMvidFileWriter.h; sourceTree = "<group>"; };
		826FCCE324FE3E300057C74C /* AVApng2MvidResourceLoader.m */ = {isa = PBXFileReference; fileEncoding = 4; lastKnownFileType = sourcecode.c.objc; path = AVApng2MvidResourceLoader.m; sourceTree = "<group>"; };
		826FCCE424FE3E300057C74C /* AVAssetJoinAlphaResourceLoader.m */ = {isa = PBXFileReference; fileEncoding = 4; lastKnownFileType = sourcecode.c.objc; path = AVAssetJoinAlphaResourceLoader.m; sourceTree = "<group>"; };
		826FCCE524FE3E300057C74C /* AVFrameDecoder.h */ = {isa = PBXFileReference; fileEncoding = 4; lastKnownFileType = sourcecode.c.h; path = AVFrameDecoder.h; sourceTree = "<group>"; };
		826FCCE624FE3E300057C74C /* maxvid_encode.m */ = {isa = PBXFileReference; fileEncoding = 4; lastKnownFileType = sourcecode.c.objc; path = maxvid_encode.m; sourceTree = "<group>"; };
		826FCCE724FE3E300057C74C /* AVAnimatorOpenGLView.m */ = {isa = PBXFileReference; fileEncoding = 4; lastKnownFileType = sourcecode.c.objc; path = AVAnimatorOpenGLView.m; sourceTree = "<group>"; };
		826FCCE824FE3E300057C74C /* AV7zApng2MvidResourceLoader.m */ = {isa = PBXFileReference; fileEncoding = 4; lastKnownFileType = sourcecode.c.objc; path = AV7zApng2MvidResourceLoader.m; sourceTree = "<group>"; };
		826FCCE924FE3E300057C74C /* AVAnimatorH264AlphaPlayer.m */ = {isa = PBXFileReference; fileEncoding = 4; lastKnownFileType = sourcecode.c.objc; path = AVAnimatorH264AlphaPlayer.m; sourceTree = "<group>"; };
		826FCCEA24FE3E300057C74C /* AVAppResourceLoader.h */ = {isa = PBXFileReference; fileEncoding = 4; lastKnownFileType = sourcecode.c.h; path = AVAppResourceLoader.h; sourceTree = "<group>"; };
		826FCCEB24FE3E300057C74C /* AVAnimatorView.m */ = {isa = PBXFileReference; fileEncoding = 4; lastKnownFileType = sourcecode.c.objc; path = AVAnimatorView.m; sourceTree = "<group>"; };
		826FCCEC24FE3E300057C74C /* AVFileUtil.m */ = {isa = PBXFileReference; fileEncoding = 4; lastKnownFileType = sourcecode.c.objc; path = AVFileUtil.m; sourceTree = "<group>"; };
		826FCCED24FE3E300057C74C /* AVAssetFrameDecoder.m */ = {isa = PBXFileReference; fileEncoding = 4; lastKnownFileType = sourcecode.c.objc; path = AVAssetFrameDecoder.m; sourceTree = "<group>"; };
		826FCCEE24FE3E300057C74C /* MutableAttrString.m */ = {isa = PBXFileReference; fileEncoding = 4; lastKnownFileType = sourcecode.c.objc; path = MutableAttrString.m; sourceTree = "<group>"; };
		826FCCEF24FE3E300057C74C /* AVMvidFrameDecoder.m */ = {isa = PBXFileReference; fileEncoding = 4; lastKnownFileType = sourcecode.c.objc; path = AVMvidFrameDecoder.m; sourceTree = "<group>"; };
		826FCCF024FE3E300057C74C /* AVStreamEncodeDecode.m */ = {isa = PBXFileReference; fileEncoding = 4; lastKnownFileType = sourcecode.c.objc; path = AVStreamEncodeDecode.m; sourceTree = "<group>"; };
		826FCCF124FE3E300057C74C /* AVAssetMixAlphaResourceLoader.m */ = {isa = PBXFileReference; fileEncoding = 4; lastKnownFileType = sourcecode.c.objc; path = AVAssetMixAlphaResourceLoader.m; sourceTree = "<group>"; };
		826FCCF224FE3E300057C74C /* AVFrame.h */ = {isa = PBXFileReference; fileEncoding = 4; lastKnownFileType = sourcecode.c.h; path = AVFrame.h; sourceTree = "<group>"; };
		826FCCF324FE3E300057C74C /* AVAssetReaderConvertMaxvid.m */ = {isa = PBXFileReference; fileEncoding = 4; lastKnownFileType = sourcecode.c.objc; path = AVAssetReaderConvertMaxvid.m; sourceTree = "<group>"; };
		826FCCF424FE3E300057C74C /* AVAnimatorOpenGLViewPrivate.h */ = {isa = PBXFileReference; fileEncoding = 4; lastKnownFileType = sourcecode.c.h; path = AVAnimatorOpenGLViewPrivate.h; sourceTree = "<group>"; };
		826FCCF524FE3E300057C74C /* maxvid_file.h */ = {isa = PBXFileReference; fileEncoding = 4; lastKnownFileType = sourcecode.c.h; path = maxvid_file.h; sourceTree = "<group>"; };
		826FCCF624FE3E300057C74C /* AVAsset2MvidResourceLoader.h */ = {isa = PBXFileReference; fileEncoding = 4; lastKnownFileType = sourcecode.c.h; path = AVAsset2MvidResourceLoader.h; sourceTree = "<group>"; };
		826FCCF724FE3E300057C74C /* AVResourceLoader.h */ = {isa = PBXFileReference; fileEncoding = 4; lastKnownFileType = sourcecode.c.h; path = AVResourceLoader.h; sourceTree = "<group>"; };
		826FCCF824FE3E300057C74C /* libapng.h */ = {isa = PBXFileReference; fileEncoding = 4; lastKnownFileType = sourcecode.c.h; path = libapng.h; sourceTree = "<group>"; };
		826FCCF924FE3E300057C74C /* SegmentedMappedData.m */ = {isa = PBXFileReference; fileEncoding = 4; lastKnownFileType = sourcecode.c.objc; path = SegmentedMappedData.m; sourceTree = "<group>"; };
		826FCCFA24FE3E300057C74C /* AVOfflineComposition.m */ = {isa = PBXFileReference; fileEncoding = 4; lastKnownFileType = sourcecode.c.objc; path = AVOfflineComposition.m; sourceTree = "<group>"; };
		826FCCFB24FE3E300057C74C /* AVAssetWriterConvertFromMaxvid.m */ = {isa = PBXFileReference; fileEncoding = 4; lastKnownFileType = sourcecode.c.objc; path = AVAssetWriterConvertFromMaxvid.m; sourceTree = "<group>"; };
		826FCCFC24FE3E300057C74C /* movdata.h */ = {isa = PBXFileReference; fileEncoding = 4; lastKnownFileType = sourcecode.c.h; path = movdata.h; sourceTree = "<group>"; };
		826FCCFD24FE3E300057C74C /* AVAnimatorMedia.h */ = {isa = PBXFileReference; fileEncoding = 4; lastKnownFileType = sourcecode.c.h; path = AVAnimatorMedia.h; sourceTree = "<group>"; };
		826FCCFE24FE3E300057C74C /* ApngConvertMaxvid.m */ = {isa = PBXFileReference; fileEncoding = 4; lastKnownFileType = sourcecode.c.objc; path = ApngConvertMaxvid.m; sourceTree = "<group>"; };
		826FCD3624FFC5E10057C74C /* Demo-big.m4v */ = {isa = PBXFileReference; lastKnownFileType = file; path = "Demo-big.m4v"; sourceTree = "<group>"; };
		826FCD3824FFC7280057C74C /* demo-green.mp4 */ = {isa = PBXFileReference; lastKnownFileType = file; path = "demo-green.mp4"; sourceTree = "<group>"; };
		826FCD3A24FFE6F90057C74C /* testImg.JPG */ = {isa = PBXFileReference; lastKnownFileType = image.jpeg; path = testImg.JPG; sourceTree = "<group>"; };
		826FCD3C250095210057C74C /* tmp-1.jpg */ = {isa = PBXFileReference; lastKnownFileType = image.jpeg; path = "tmp-1.jpg"; sourceTree = "<group>"; };
		826FCD3E2500990E0057C74C /* ImageMakeToMovie.m */ = {isa = PBXFileReference; fileEncoding = 4; lastKnownFileType = sourcecode.c.objc; path = ImageMakeToMovie.m; sourceTree = "<group>"; };
		826FCD3F2500990E0057C74C /* ImageMakeToMovie.h */ = {isa = PBXFileReference; fileEncoding = 4; lastKnownFileType = sourcecode.c.h; path = ImageMakeToMovie.h; sourceTree = "<group>"; };
		826FCD452500F1590057C74C /* AVAssetAlphaJoinBgImgExportVideo.h */ = {isa = PBXFileReference; lastKnownFileType = sourcecode.c.h; path = AVAssetAlphaJoinBgImgExportVideo.h; sourceTree = "<group>"; };
		826FCD462500F1590057C74C /* AVAssetAlphaJoinBgImgExportVideo.m */ = {isa = PBXFileReference; lastKnownFileType = sourcecode.c.objc; path = AVAssetAlphaJoinBgImgExportVideo.m; sourceTree = "<group>"; };
/* End PBXFileReference section */

/* Begin PBXFrameworksBuildPhase section */
		8249534F24F8E74D0044267B /* Frameworks */ = {
			isa = PBXFrameworksBuildPhase;
			buildActionMask = 2147483647;
			files = (
			);
			runOnlyForDeploymentPostprocessing = 0;
		};
/* End PBXFrameworksBuildPhase section */

/* Begin PBXGroup section */
		8249534924F8E74D0044267B = {
			isa = PBXGroup;
			children = (
				8249535424F8E74D0044267B /* AlphaVideoPlayExport */,
				8249535324F8E74D0044267B /* Products */,
			);
			sourceTree = "<group>";
		};
		8249535324F8E74D0044267B /* Products */ = {
			isa = PBXGroup;
			children = (
				8249535224F8E74D0044267B /* 透明播放并导出实现.app */,
			);
			name = Products;
			sourceTree = "<group>";
		};
		8249535424F8E74D0044267B /* AlphaVideoPlayExport */ = {
			isa = PBXGroup;
			children = (
				8249535524F8E74D0044267B /* AppDelegate.h */,
				8249535624F8E74D0044267B /* AppDelegate.m */,
				8249536E24F8EBC50044267B /* AlphaVideoPlayExportViewController.h */,
				8249536F24F8EBC50044267B /* AlphaVideoPlayExportViewController.m */,
				8249535824F8E74D0044267B /* SceneDelegate.h */,
				8249535924F8E74D0044267B /* SceneDelegate.m */,
				8249535B24F8E74D0044267B /* ViewController.h */,
				8249535C24F8E74D0044267B /* ViewController.m */,
				8249537124F8F0A40044267B /* SRC */,
				8249535E24F8E74D0044267B /* Main.storyboard */,
				8249536124F8E7540044267B /* Assets.xcassets */,
				8249536324F8E7540044267B /* LaunchScreen.storyboard */,
				8249536624F8E7540044267B /* Info.plist */,
				8249536724F8E7540044267B /* main.m */,
			);
			path = AlphaVideoPlayExport;
			sourceTree = "<group>";
		};
		8249537124F8F0A40044267B /* SRC */ = {
			isa = PBXGroup;
			children = (
				826FCD412500F02C0057C74C /* AVAnimationExportVideo */,
				826FCD3F2500990E0057C74C /* ImageMakeToMovie.h */,
				826FCD3E2500990E0057C74C /* ImageMakeToMovie.m */,
				826FCCAF24FE3E2F0057C74C /* AVAnimator */,
				826FCC8924FE3E2F0057C74C /* LZMASDK */,
				8249541F24F8F9070044267B /* Video */,
			);
			path = SRC;
			sourceTree = "<group>";
		};
		8249541F24F8F9070044267B /* Video */ = {
			isa = PBXGroup;
			children = (
				826FCD3C250095210057C74C /* tmp-1.jpg */,
				826FCD3A24FFE6F90057C74C /* testImg.JPG */,
				8249542124F8F9130044267B /* mvAlpha.mp4 */,
				8249542024F8F9130044267B /* mvJson.json */,
				8249542224F8F9130044267B /* mvRGB.mp4 */,
				826FCD3624FFC5E10057C74C /* Demo-big.m4v */,
				826FCD3824FFC7280057C74C /* demo-green.mp4 */,
			);
			path = Video;
			sourceTree = "<group>";
		};
		826FCC8924FE3E2F0057C74C /* LZMASDK */ = {
			isa = PBXGroup;
			children = (
				826FCC9A24FE3E2F0057C74C /* 7z.h */,
				826FCCAE24FE3E2F0057C74C /* 7zBuf.c */,
				826FCC9924FE3E2F0057C74C /* 7zBuf.h */,
				826FCCA124FE3E2F0057C74C /* 7zBuf2.c */,
				826FCC9F24FE3E2F0057C74C /* 7zDec.c */,
				826FCCA624FE3E2F0057C74C /* 7zFile.c */,
				826FCC9724FE3E2F0057C74C /* 7zFile.h */,
				826FCC9824FE3E2F0057C74C /* 7zIn.c */,
				826FCCA224FE3E2F0057C74C /* 7zStream.c */,
				826FCCA524FE3E2F0057C74C /* 7zVersion.h */,
				826FCC9B24FE3E2F0057C74C /* Alloc.c */,
				826FCCAD24FE3E2F0057C74C /* Alloc.h */,
				826FCCA924FE3E2F0057C74C /* CpuArch.c */,
				826FCC9424FE3E2F0057C74C /* CpuArch.h */,
				826FCCA424FE3E2F0057C74C /* Delta.c */,
				826FCC9624FE3E2F0057C74C /* Delta.h */,
				826FCC8B24FE3E2F0057C74C /* LzHash.h */,
				826FCC8A24FE3E2F0057C74C /* Lzma2Dec.c */,
				826FCCA024FE3E2F0057C74C /* Lzma2Dec.h */,
				826FCC9D24FE3E2F0057C74C /* LzmaDec.c */,
				826FCCAA24FE3E2F0057C74C /* LzmaDec.h */,
				826FCCAC24FE3E2F0057C74C /* LZMAExtractor.h */,
				826FCC9C24FE3E2F0057C74C /* LZMAExtractor.m */,
				826FCCA324FE3E2F0057C74C /* Ppmd.h */,
				826FCC9524FE3E2F0057C74C /* Ppmd7.c */,
				826FCCA824FE3E2F0057C74C /* Ppmd7.h */,
				826FCC8C24FE3E2F0057C74C /* Ppmd7Dec.c */,
				826FCC9E24FE3E2F0057C74C /* Ppmd8.c */,
				826FCC8D24FE3E2F0057C74C /* Ppmd8.h */,
				826FCCAB24FE3E2F0057C74C /* Ppmd8Dec.c */,
				826FCCA724FE3E2F0057C74C /* RotateDefs.h */,
				826FCC9324FE3E2F0057C74C /* Types.h */,
				826FCC8E24FE3E2F0057C74C /* Util */,
			);
			path = LZMASDK;
			sourceTree = "<group>";
		};
		826FCC8E24FE3E2F0057C74C /* Util */ = {
			isa = PBXGroup;
			children = (
				826FCC8F24FE3E2F0057C74C /* 7z */,
			);
			path = Util;
			sourceTree = "<group>";
		};
		826FCC8F24FE3E2F0057C74C /* 7z */ = {
			isa = PBXGroup;
			children = (
				826FCC9024FE3E2F0057C74C /* 7zAlloc.c */,
				826FCC9124FE3E2F0057C74C /* 7zMain.c */,
				826FCC9224FE3E2F0057C74C /* 7zAlloc.h */,
			);
			path = 7z;
			sourceTree = "<group>";
		};
		826FCCAF24FE3E2F0057C74C /* AVAnimator */ = {
			isa = PBXGroup;
			children = (
				826FCCCE24FE3E300057C74C /* ApngConvertMaxvid.h */,
				826FCCFE24FE3E300057C74C /* ApngConvertMaxvid.m */,
				826FCCBF24FE3E300057C74C /* AV7zApng2MvidResourceLoader.h */,
				826FCCE824FE3E300057C74C /* AV7zApng2MvidResourceLoader.m */,
				826FCCDC24FE3E300057C74C /* AV7zAppResourceLoader.h */,
				826FCCB924FE3E2F0057C74C /* AV7zAppResourceLoader.m */,
				826FCCC024FE3E300057C74C /* AVAnimatorH264AlphaPlayer.h */,
				826FCCE924FE3E300057C74C /* AVAnimatorH264AlphaPlayer.m */,
				826FCCDB24FE3E300057C74C /* AVAnimatorLayer.h */,
				826FCCBB24FE3E2F0057C74C /* AVAnimatorLayer.m */,
				826FCCBA24FE3E2F0057C74C /* AVAnimatorLayerPrivate.h */,
				826FCCFD24FE3E300057C74C /* AVAnimatorMedia.h */,
				826FCCCF24FE3E300057C74C /* AVAnimatorMedia.m */,
				826FCCC724FE3E300057C74C /* AVAnimatorMediaPrivate.h */,
				826FCCD224FE3E300057C74C /* AVAnimatorMediaRendererProtocol.h */,
				826FCCC124FE3E300057C74C /* AVAnimatorOpenGLView.h */,
				826FCCE724FE3E300057C74C /* AVAnimatorOpenGLView.m */,
				826FCCF424FE3E300057C74C /* AVAnimatorOpenGLViewPrivate.h */,
				826FCCCD24FE3E300057C74C /* AVAnimatorView.h */,
				826FCCEB24FE3E300057C74C /* AVAnimatorView.m */,
				826FCCDA24FE3E300057C74C /* AVAnimatorViewPrivate.h */,
				826FCCB224FE3E2F0057C74C /* AVApng2MvidResourceLoader.h */,
				826FCCE324FE3E300057C74C /* AVApng2MvidResourceLoader.m */,
				826FCCEA24FE3E300057C74C /* AVAppResourceLoader.h */,
				826FCCBE24FE3E300057C74C /* AVAppResourceLoader.m */,
				826FCCF624FE3E300057C74C /* AVAsset2MvidResourceLoader.h */,
				826FCCD724FE3E300057C74C /* AVAsset2MvidResourceLoader.m */,
				826FCCB824FE3E2F0057C74C /* AVAssetAlphaFrameDecoder.h */,
				826FCCDF24FE3E300057C74C /* AVAssetAlphaFrameDecoder.m */,
				826FCCC624FE3E300057C74C /* AVAssetConvertCommon.h */,
				826FCCCC24FE3E300057C74C /* AVAssetFrameDecoder.h */,
				826FCCED24FE3E300057C74C /* AVAssetFrameDecoder.m */,
				826FCCB324FE3E2F0057C74C /* AVAssetJoinAlphaResourceLoader.h */,
				826FCCE424FE3E300057C74C /* AVAssetJoinAlphaResourceLoader.m */,
				826FCCC224FE3E300057C74C /* AVAssetMixAlphaResourceLoader.h */,
				826FCCF124FE3E300057C74C /* AVAssetMixAlphaResourceLoader.m */,
				826FCCC424FE3E300057C74C /* AVAssetReaderConvertMaxvid.h */,
				826FCCF324FE3E300057C74C /* AVAssetReaderConvertMaxvid.m */,
				826FCCD024FE3E300057C74C /* AVAssetWriterConvertFromMaxvid.h */,
				826FCCFB24FE3E300057C74C /* AVAssetWriterConvertFromMaxvid.m */,
				826FCCCB24FE3E300057C74C /* AVFileUtil.h */,
				826FCCEC24FE3E300057C74C /* AVFileUtil.m */,
				826FCCF224FE3E300057C74C /* AVFrame.h */,
				826FCCC324FE3E300057C74C /* AVFrame.m */,
				826FCCE524FE3E300057C74C /* AVFrameDecoder.h */,
				826FCCB124FE3E2F0057C74C /* AVFrameDecoder.m */,
				826FCCB524FE3E2F0057C74C /* AVGIF89A2MvidResourceLoader.h */,
				826FCCE124FE3E300057C74C /* AVGIF89A2MvidResourceLoader.m */,
				826FCCD824FE3E300057C74C /* AVImageFrameDecoder.h */,
				826FCCBD24FE3E300057C74C /* AVImageFrameDecoder.m */,
				826FCCE224FE3E300057C74C /* AVMvidFileWriter.h */,
				826FCCB424FE3E2F0057C74C /* AVMvidFileWriter.m */,
				826FCCC824FE3E300057C74C /* AVMvidFrameDecoder.h */,
				826FCCEF24FE3E300057C74C /* AVMvidFrameDecoder.m */,
				826FCCD424FE3E300057C74C /* AVOfflineComposition.h */,
				826FCCFA24FE3E300057C74C /* AVOfflineComposition.m */,
				826FCCF724FE3E300057C74C /* AVResourceLoader.h */,
				826FCCD624FE3E300057C74C /* AVResourceLoader.m */,
				826FCCC924FE3E300057C74C /* AVStreamEncodeDecode.h */,
				826FCCF024FE3E300057C74C /* AVStreamEncodeDecode.m */,
				826FCCB624FE3E2F0057C74C /* CGFrameBuffer.h */,
				826FCCE024FE3E300057C74C /* CGFrameBuffer.m */,
				826FCCD524FE3E300057C74C /* libapng.c */,
				826FCCF824FE3E300057C74C /* libapng.h */,
				826FCCD924FE3E300057C74C /* maxvid_decode_arm.s */,
				826FCCDD24FE3E300057C74C /* maxvid_decode.c */,
				826FCCBC24FE3E2F0057C74C /* maxvid_decode.h */,
				826FCCB724FE3E2F0057C74C /* maxvid_deltas.h */,
				826FCCDE24FE3E300057C74C /* maxvid_deltas.m */,
				826FCCB024FE3E2F0057C74C /* maxvid_encode.h */,
				826FCCE624FE3E300057C74C /* maxvid_encode.m */,
				826FCCF524FE3E300057C74C /* maxvid_file.h */,
				826FCCC524FE3E300057C74C /* maxvid_file.c */,
				826FCCFC24FE3E300057C74C /* movdata.h */,
				826FCCD124FE3E300057C74C /* movdata.c */,
				826FCCCA24FE3E300057C74C /* MutableAttrString.h */,
				826FCCEE24FE3E300057C74C /* MutableAttrString.m */,
				826FCCD324FE3E300057C74C /* SegmentedMappedData.h */,
				826FCCF924FE3E300057C74C /* SegmentedMappedData.m */,
			);
			path = AVAnimator;
			sourceTree = "<group>";
		};
		826FCD412500F02C0057C74C /* AVAnimationExportVideo */ = {
			isa = PBXGroup;
			children = (
				826FCD452500F1590057C74C /* AVAssetAlphaJoinBgImgExportVideo.h */,
				826FCD462500F1590057C74C /* AVAssetAlphaJoinBgImgExportVideo.m */,
			);
			path = AVAnimationExportVideo;
			sourceTree = "<group>";
		};
/* End PBXGroup section */

/* Begin PBXNativeTarget section */
		8249535124F8E74D0044267B /* AlphaVideoPlayExport */ = {
			isa = PBXNativeTarget;
			buildConfigurationList = 8249536B24F8E7540044267B /* Build configuration list for PBXNativeTarget "AlphaVideoPlayExport" */;
			buildPhases = (
				8249534E24F8E74D0044267B /* Sources */,
				8249534F24F8E74D0044267B /* Frameworks */,
				8249535024F8E74D0044267B /* Resources */,
			);
			buildRules = (
			);
			dependencies = (
			);
			name = AlphaVideoPlayExport;
			productName = AlphaVideoPlayExport;
			productReference = 8249535224F8E74D0044267B /* 透明播放并导出实现.app */;
			productType = "com.apple.product-type.application";
		};
/* End PBXNativeTarget section */

/* Begin PBXProject section */
		8249534A24F8E74D0044267B /* Project object */ = {
			isa = PBXProject;
			attributes = {
				LastUpgradeCheck = 1160;
				ORGANIZATIONNAME = AlphaVideoPlayExport;
				TargetAttributes = {
					8249535124F8E74D0044267B = {
						CreatedOnToolsVersion = 11.6;
					};
				};
			};
			buildConfigurationList = 8249534D24F8E74D0044267B /* Build configuration list for PBXProject "AlphaVideoPlayExport" */;
			compatibilityVersion = "Xcode 9.3";
			developmentRegion = en;
			hasScannedForEncodings = 0;
			knownRegions = (
				en,
				Base,
			);
			mainGroup = 8249534924F8E74D0044267B;
			productRefGroup = 8249535324F8E74D0044267B /* Products */;
			projectDirPath = "";
			projectRoot = "";
			targets = (
				8249535124F8E74D0044267B /* AlphaVideoPlayExport */,
			);
		};
/* End PBXProject section */

/* Begin PBXResourcesBuildPhase section */
		8249535024F8E74D0044267B /* Resources */ = {
			isa = PBXResourcesBuildPhase;
			buildActionMask = 2147483647;
			files = (
				826FCD3924FFC7280057C74C /* demo-green.mp4 in Resources */,
				8249542324F8F9130044267B /* mvJson.json in Resources */,
				826FCD3724FFC5E10057C74C /* Demo-big.m4v in Resources */,
				826FCD3D250095210057C74C /* tmp-1.jpg in Resources */,
				826FCD3B24FFE6FA0057C74C /* testImg.JPG in Resources */,
				8249536524F8E7540044267B /* LaunchScreen.storyboard in Resources */,
				8249542524F8F9130044267B /* mvRGB.mp4 in Resources */,
				8249542424F8F9130044267B /* mvAlpha.mp4 in Resources */,
				8249536224F8E7540044267B /* Assets.xcassets in Resources */,
				8249536024F8E74D0044267B /* Main.storyboard in Resources */,
			);
			runOnlyForDeploymentPostprocessing = 0;
		};
/* End PBXResourcesBuildPhase section */

/* Begin PBXSourcesBuildPhase section */
		8249534E24F8E74D0044267B /* Sources */ = {
			isa = PBXSourcesBuildPhase;
			buildActionMask = 2147483647;
			files = (
				826FCD0424FE3E300057C74C /* 7zIn.c in Sources */,
				826FCD402500990E0057C74C /* ImageMakeToMovie.m in Sources */,
				826FCD1B24FE3E300057C74C /* libapng.c in Sources */,
				826FCD3524FE3E300057C74C /* ApngConvertMaxvid.m in Sources */,
				826FCD2524FE3E300057C74C /* AVAssetJoinAlphaResourceLoader.m in Sources */,
				826FCD3224FE3E300057C74C /* SegmentedMappedData.m in Sources */,
				826FCD2A24FE3E300057C74C /* AVAnimatorView.m in Sources */,
				826FCD2024FE3E300057C74C /* maxvid_deltas.m in Sources */,
				8249537024F8EBC50044267B /* AlphaVideoPlayExportViewController.m in Sources */,
				826FCD2E24FE3E300057C74C /* AVMvidFrameDecoder.m in Sources */,
				826FCD1324FE3E300057C74C /* AV7zAppResourceLoader.m in Sources */,
				826FCD1E24FE3E300057C74C /* maxvid_decode_arm.s in Sources */,
				826FCD2C24FE3E300057C74C /* AVAssetFrameDecoder.m in Sources */,
				826FCD0D24FE3E300057C74C /* 7zFile.c in Sources */,
				826FCD472500F1590057C74C /* AVAssetAlphaJoinBgImgExportVideo.m in Sources */,
				826FCD2D24FE3E300057C74C /* MutableAttrString.m in Sources */,
				826FCD1124FE3E300057C74C /* AVFrameDecoder.m in Sources */,
				826FCCFF24FE3E300057C74C /* Lzma2Dec.c in Sources */,
				826FCD3324FE3E300057C74C /* AVOfflineComposition.m in Sources */,
				826FCD0524FE3E300057C74C /* Alloc.c in Sources */,
				826FCD1C24FE3E300057C74C /* AVResourceLoader.m in Sources */,
				826FCD2224FE3E300057C74C /* CGFrameBuffer.m in Sources */,
				826FCD0724FE3E300057C74C /* LzmaDec.c in Sources */,
				826FCD0924FE3E300057C74C /* 7zDec.c in Sources */,
				826FCD0E24FE3E300057C74C /* CpuArch.c in Sources */,
				8249535D24F8E74D0044267B /* ViewController.m in Sources */,
				826FCD2824FE3E300057C74C /* AV7zApng2MvidResourceLoader.m in Sources */,
				826FCD1524FE3E300057C74C /* AVImageFrameDecoder.m in Sources */,
				826FCD1424FE3E300057C74C /* AVAnimatorLayer.m in Sources */,
				826FCD3024FE3E300057C74C /* AVAssetMixAlphaResourceLoader.m in Sources */,
				826FCD2424FE3E300057C74C /* AVApng2MvidResourceLoader.m in Sources */,
				826FCD1D24FE3E300057C74C /* AVAsset2MvidResourceLoader.m in Sources */,
				8249535724F8E74D0044267B /* AppDelegate.m in Sources */,
				826FCD2124FE3E300057C74C /* AVAssetAlphaFrameDecoder.m in Sources */,
				826FCD2F24FE3E300057C74C /* AVStreamEncodeDecode.m in Sources */,
				826FCD1624FE3E300057C74C /* AVAppResourceLoader.m in Sources */,
				826FCD0224FE3E300057C74C /* 7zMain.c in Sources */,
				826FCD0C24FE3E300057C74C /* Delta.c in Sources */,
				826FCD0F24FE3E300057C74C /* Ppmd8Dec.c in Sources */,
				826FCD2724FE3E300057C74C /* AVAnimatorOpenGLView.m in Sources */,
				826FCD3124FE3E300057C74C /* AVAssetReaderConvertMaxvid.m in Sources */,
				826FCD1F24FE3E300057C74C /* maxvid_decode.c in Sources */,
				826FCD2624FE3E300057C74C /* maxvid_encode.m in Sources */,
				826FCD2B24FE3E300057C74C /* AVFileUtil.m in Sources */,
				826FCD2924FE3E300057C74C /* AVAnimatorH264AlphaPlayer.m in Sources */,
				826FCD0624FE3E300057C74C /* LZMAExtractor.m in Sources */,
				826FCD0B24FE3E300057C74C /* 7zStream.c in Sources */,
				826FCD1824FE3E300057C74C /* maxvid_file.c in Sources */,
				826FCD0024FE3E300057C74C /* Ppmd7Dec.c in Sources */,
				826FCD2324FE3E300057C74C /* AVGIF89A2MvidResourceLoader.m in Sources */,
				826FCD0324FE3E300057C74C /* Ppmd7.c in Sources */,
				8249536824F8E7540044267B /* main.m in Sources */,
				826FCD3424FE3E300057C74C /* AVAssetWriterConvertFromMaxvid.m in Sources */,
				826FCD1224FE3E300057C74C /* AVMvidFileWriter.m in Sources */,
				826FCD1724FE3E300057C74C /* AVFrame.m in Sources */,
				826FCD0A24FE3E300057C74C /* 7zBuf2.c in Sources */,
				826FCD0824FE3E300057C74C /* Ppmd8.c in Sources */,
				826FCD0124FE3E300057C74C /* 7zAlloc.c in Sources */,
				826FCD1024FE3E300057C74C /* 7zBuf.c in Sources */,
				826FCD1924FE3E300057C74C /* AVAnimatorMedia.m in Sources */,
				8249535A24F8E74D0044267B /* SceneDelegate.m in Sources */,
				826FCD1A24FE3E300057C74C /* movdata.c in Sources */,
			);
			runOnlyForDeploymentPostprocessing = 0;
		};
/* End PBXSourcesBuildPhase section */

/* Begin PBXVariantGroup section */
		8249535E24F8E74D0044267B /* Main.storyboard */ = {
			isa = PBXVariantGroup;
			children = (
				8249535F24F8E74D0044267B /* Base */,
			);
			name = Main.storyboard;
			sourceTree = "<group>";
		};
		8249536324F8E7540044267B /* LaunchScreen.storyboard */ = {
			isa = PBXVariantGroup;
			children = (
				8249536424F8E7540044267B /* Base */,
			);
			name = LaunchScreen.storyboard;
			sourceTree = "<group>";
		};
/* End PBXVariantGroup section */

/* Begin XCBuildConfiguration section */
		8249536924F8E7540044267B /* Debug */ = {
			isa = XCBuildConfiguration;
			buildSettings = {
				ALWAYS_SEARCH_USER_PATHS = NO;
				CLANG_ANALYZER_NONNULL = YES;
				CLANG_ANALYZER_NUMBER_OBJECT_CONVERSION = YES_AGGRESSIVE;
				CLANG_CXX_LANGUAGE_STANDARD = "gnu++14";
				CLANG_CXX_LIBRARY = "libc++";
				CLANG_ENABLE_MODULES = YES;
				CLANG_ENABLE_OBJC_ARC = YES;
				CLANG_ENABLE_OBJC_WEAK = YES;
				CLANG_WARN_BLOCK_CAPTURE_AUTORELEASING = YES;
				CLANG_WARN_BOOL_CONVERSION = YES;
				CLANG_WARN_COMMA = YES;
				CLANG_WARN_CONSTANT_CONVERSION = YES;
				CLANG_WARN_DEPRECATED_OBJC_IMPLEMENTATIONS = YES;
				CLANG_WARN_DIRECT_OBJC_ISA_USAGE = YES_ERROR;
				CLANG_WARN_DOCUMENTATION_COMMENTS = YES;
				CLANG_WARN_EMPTY_BODY = YES;
				CLANG_WARN_ENUM_CONVERSION = YES;
				CLANG_WARN_INFINITE_RECURSION = YES;
				CLANG_WARN_INT_CONVERSION = YES;
				CLANG_WARN_NON_LITERAL_NULL_CONVERSION = YES;
				CLANG_WARN_OBJC_IMPLICIT_RETAIN_SELF = YES;
				CLANG_WARN_OBJC_LITERAL_CONVERSION = YES;
				CLANG_WARN_OBJC_ROOT_CLASS = YES_ERROR;
				CLANG_WARN_RANGE_LOOP_ANALYSIS = YES;
				CLANG_WARN_STRICT_PROTOTYPES = YES;
				CLANG_WARN_SUSPICIOUS_MOVE = YES;
				CLANG_WARN_UNGUARDED_AVAILABILITY = YES_AGGRESSIVE;
				CLANG_WARN_UNREACHABLE_CODE = YES;
				CLANG_WARN__DUPLICATE_METHOD_MATCH = YES;
				COPY_PHASE_STRIP = NO;
				DEBUG_INFORMATION_FORMAT = dwarf;
				ENABLE_STRICT_OBJC_MSGSEND = YES;
				ENABLE_TESTABILITY = YES;
				GCC_C_LANGUAGE_STANDARD = gnu11;
				GCC_DYNAMIC_NO_PIC = NO;
				GCC_NO_COMMON_BLOCKS = YES;
				GCC_OPTIMIZATION_LEVEL = 0;
				GCC_PREPROCESSOR_DEFINITIONS = (
					"DEBUG=1",
					"$(inherited)",
				);
				GCC_WARN_64_TO_32_BIT_CONVERSION = YES;
				GCC_WARN_ABOUT_RETURN_TYPE = YES_ERROR;
				GCC_WARN_UNDECLARED_SELECTOR = YES;
				GCC_WARN_UNINITIALIZED_AUTOS = YES_AGGRESSIVE;
				GCC_WARN_UNUSED_FUNCTION = YES;
				GCC_WARN_UNUSED_VARIABLE = YES;
				IPHONEOS_DEPLOYMENT_TARGET = 10.0;
				MTL_ENABLE_DEBUG_INFO = INCLUDE_SOURCE;
				MTL_FAST_MATH = YES;
				ONLY_ACTIVE_ARCH = YES;
				SDKROOT = iphoneos;
			};
			name = Debug;
		};
		8249536A24F8E7540044267B /* Release */ = {
			isa = XCBuildConfiguration;
			buildSettings = {
				ALWAYS_SEARCH_USER_PATHS = NO;
				CLANG_ANALYZER_NONNULL = YES;
				CLANG_ANALYZER_NUMBER_OBJECT_CONVERSION = YES_AGGRESSIVE;
				CLANG_CXX_LANGUAGE_STANDARD = "gnu++14";
				CLANG_CXX_LIBRARY = "libc++";
				CLANG_ENABLE_MODULES = YES;
				CLANG_ENABLE_OBJC_ARC = YES;
				CLANG_ENABLE_OBJC_WEAK = YES;
				CLANG_WARN_BLOCK_CAPTURE_AUTORELEASING = YES;
				CLANG_WARN_BOOL_CONVERSION = YES;
				CLANG_WARN_COMMA = YES;
				CLANG_WARN_CONSTANT_CONVERSION = YES;
				CLANG_WARN_DEPRECATED_OBJC_IMPLEMENTATIONS = YES;
				CLANG_WARN_DIRECT_OBJC_ISA_USAGE = YES_ERROR;
				CLANG_WARN_DOCUMENTATION_COMMENTS = YES;
				CLANG_WARN_EMPTY_BODY = YES;
				CLANG_WARN_ENUM_CONVERSION = YES;
				CLANG_WARN_INFINITE_RECURSION = YES;
				CLANG_WARN_INT_CONVERSION = YES;
				CLANG_WARN_NON_LITERAL_NULL_CONVERSION = YES;
				CLANG_WARN_OBJC_IMPLICIT_RETAIN_SELF = YES;
				CLANG_WARN_OBJC_LITERAL_CONVERSION = YES;
				CLANG_WARN_OBJC_ROOT_CLASS = YES_ERROR;
				CLANG_WARN_RANGE_LOOP_ANALYSIS = YES;
				CLANG_WARN_STRICT_PROTOTYPES = YES;
				CLANG_WARN_SUSPICIOUS_MOVE = YES;
				CLANG_WARN_UNGUARDED_AVAILABILITY = YES_AGGRESSIVE;
				CLANG_WARN_UNREACHABLE_CODE = YES;
				CLANG_WARN__DUPLICATE_METHOD_MATCH = YES;
				COPY_PHASE_STRIP = NO;
				DEBUG_INFORMATION_FORMAT = "dwarf-with-dsym";
				ENABLE_NS_ASSERTIONS = NO;
				ENABLE_STRICT_OBJC_MSGSEND = YES;
				GCC_C_LANGUAGE_STANDARD = gnu11;
				GCC_NO_COMMON_BLOCKS = YES;
				GCC_WARN_64_TO_32_BIT_CONVERSION = YES;
				GCC_WARN_ABOUT_RETURN_TYPE = YES_ERROR;
				GCC_WARN_UNDECLARED_SELECTOR = YES;
				GCC_WARN_UNINITIALIZED_AUTOS = YES_AGGRESSIVE;
				GCC_WARN_UNUSED_FUNCTION = YES;
				GCC_WARN_UNUSED_VARIABLE = YES;
				IPHONEOS_DEPLOYMENT_TARGET = 10.0;
				MTL_ENABLE_DEBUG_INFO = NO;
				MTL_FAST_MATH = YES;
				SDKROOT = iphoneos;
				VALIDATE_PRODUCT = YES;
			};
			name = Release;
		};
		8249536C24F8E7540044267B /* Debug */ = {
			isa = XCBuildConfiguration;
			buildSettings = {
				ASSETCATALOG_COMPILER_APPICON_NAME = AppIcon;
				CODE_SIGN_STYLE = Automatic;
				DEVELOPMENT_TEAM = J4U8Y8824X;
				GCC_PREPROCESSOR_DEFINITIONS = (
					"DEBUG=1",
					"$(inherited)",
				);
				INFOPLIST_FILE = AlphaVideoPlayExport/Info.plist;
				IPHONEOS_DEPLOYMENT_TARGET = 9.0;
				LD_RUNPATH_SEARCH_PATHS = (
					"$(inherited)",
					"@executable_path/Frameworks",
				);
				PRODUCT_BUNDLE_IDENTIFIER = com.alphavideoexport.AlphaVideoPlayExport;
				PRODUCT_NAME = "透明播放并导出实现";
				TARGETED_DEVICE_FAMILY = 1;
			};
			name = Debug;
		};
		8249536D24F8E7540044267B /* Release */ = {
			isa = XCBuildConfiguration;
			buildSettings = {
				ASSETCATALOG_COMPILER_APPICON_NAME = AppIcon;
				CODE_SIGN_STYLE = Automatic;
				DEVELOPMENT_TEAM = J4U8Y8824X;
				INFOPLIST_FILE = AlphaVideoPlayExport/Info.plist;
				IPHONEOS_DEPLOYMENT_TARGET = 9.0;
				LD_RUNPATH_SEARCH_PATHS = (
					"$(inherited)",
					"@executable_path/Frameworks",
				);
				PRODUCT_BUNDLE_IDENTIFIER = com.alphavideoexport.AlphaVideoPlayExport;
				PRODUCT_NAME = "透明播放并导出实现";
				TARGETED_DEVICE_FAMILY = 1;
			};
			name = Release;
		};
/* End XCBuildConfiguration section */

/* Begin XCConfigurationList section */
		8249534D24F8E74D0044267B /* Build configuration list for PBXProject "AlphaVideoPlayExport" */ = {
			isa = XCConfigurationList;
			buildConfigurations = (
				8249536924F8E7540044267B /* Debug */,
				8249536A24F8E7540044267B /* Release */,
			);
			defaultConfigurationIsVisible = 0;
			defaultConfigurationName = Release;
		};
		8249536B24F8E7540044267B /* Build configuration list for PBXNativeTarget "AlphaVideoPlayExport" */ = {
			isa = XCConfigurationList;
			buildConfigurations = (
				8249536C24F8E7540044267B /* Debug */,
				8249536D24F8E7540044267B /* Release */,
			);
			defaultConfigurationIsVisible = 0;
			defaultConfigurationName = Release;
		};
/* End XCConfigurationList section */
	};
	rootObject = 8249534A24F8E74D0044267B /* Project object */;
}
