// !$*UTF8*$!
{
	archiveVersion = 1;
	classes = {
	};
	objectVersion = 50;
	objects = {

/* Begin PBXBuildFile section */
		569484B4544EA2936ABB0A58 /* libPods-AlphaVideoPlayExport.a in Frameworks */ = {isa = PBXBuildFile; fileRef = 8F7C052F854C20F40BB6B878 /* libPods-AlphaVideoPlayExport.a */; };
		8249535724F8E74D0044267B /* AppDelegate.m in Sources */ = {isa = PBXBuildFile; fileRef = 8249535624F8E74D0044267B /* AppDelegate.m */; };
		8249535A24F8E74D0044267B /* SceneDelegate.m in Sources */ = {isa = PBXBuildFile; fileRef = 8249535924F8E74D0044267B /* SceneDelegate.m */; };
		8249535D24F8E74D0044267B /* ViewController.m in Sources */ = {isa = PBXBuildFile; fileRef = 8249535C24F8E74D0044267B /* ViewController.m */; };
		8249536024F8E74D0044267B /* Main.storyboard in Resources */ = {isa = PBXBuildFile; fileRef = 8249535E24F8E74D0044267B /* Main.storyboard */; };
		8249536224F8E7540044267B /* Assets.xcassets in Resources */ = {isa = PBXBuildFile; fileRef = 8249536124F8E7540044267B /* Assets.xcassets */; };
		8249536524F8E7540044267B /* LaunchScreen.storyboard in Resources */ = {isa = PBXBuildFile; fileRef = 8249536324F8E7540044267B /* LaunchScreen.storyboard */; };
		8249536824F8E7540044267B /* main.m in Sources */ = {isa = PBXBuildFile; fileRef = 8249536724F8E7540044267B /* main.m */; };
		8249542324F8F9130044267B /* mvJson.json in Resources */ = {isa = PBXBuildFile; fileRef = 8249542024F8F9130044267B /* mvJson.json */; };
		8249542424F8F9130044267B /* mvAlpha.mp4 in Resources */ = {isa = PBXBuildFile; fileRef = 8249542124F8F9130044267B /* mvAlpha.mp4 */; };
		8249542524F8F9130044267B /* mvRGB.mp4 in Resources */ = {isa = PBXBuildFile; fileRef = 8249542224F8F9130044267B /* mvRGB.mp4 */; };
		826FCD3B24FFE6FA0057C74C /* testImg.JPG in Resources */ = {isa = PBXBuildFile; fileRef = 826FCD3A24FFE6F90057C74C /* testImg.JPG */; };
		826FCD3D250095210057C74C /* tmp-1.jpg in Resources */ = {isa = PBXBuildFile; fileRef = 826FCD3C250095210057C74C /* tmp-1.jpg */; };
/* End PBXBuildFile section */

/* Begin PBXFileReference section */
		25648EE141A1F02A840BCD26 /* Pods-AlphaVideoPlayExport.debug.xcconfig */ = {isa = PBXFileReference; includeInIndex = 1; lastKnownFileType = text.xcconfig; name = "Pods-AlphaVideoPlayExport.debug.xcconfig"; path = "Target Support Files/Pods-AlphaVideoPlayExport/Pods-AlphaVideoPlayExport.debug.xcconfig"; sourceTree = "<group>"; };
		8249535224F8E74D0044267B /* 透明播放并导出实现.app */ = {isa = PBXFileReference; explicitFileType = wrapper.application; includeInIndex = 0; path = "透明播放并导出实现.app"; sourceTree = BUILT_PRODUCTS_DIR; };
		8249535524F8E74D0044267B /* AppDelegate.h */ = {isa = PBXFileReference; lastKnownFileType = sourcecode.c.h; path = AppDelegate.h; sourceTree = "<group>"; };
		8249535624F8E74D0044267B /* AppDelegate.m */ = {isa = PBXFileReference; lastKnownFileType = sourcecode.c.objc; path = AppDelegate.m; sourceTree = "<group>"; };
		8249535824F8E74D0044267B /* SceneDelegate.h */ = {isa = PBXFileReference; lastKnownFileType = sourcecode.c.h; path = SceneDelegate.h; sourceTree = "<group>"; };
		8249535924F8E74D0044267B /* SceneDelegate.m */ = {isa = PBXFileReference; lastKnownFileType = sourcecode.c.objc; path = SceneDelegate.m; sourceTree = "<group>"; };
		8249535B24F8E74D0044267B /* ViewController.h */ = {isa = PBXFileReference; lastKnownFileType = sourcecode.c.h; path = ViewController.h; sourceTree = "<group>"; };
		8249535C24F8E74D0044267B /* ViewController.m */ = {isa = PBXFileReference; lastKnownFileType = sourcecode.c.objc; path = ViewController.m; sourceTree = "<group>"; };
		8249535F24F8E74D0044267B /* Base */ = {isa = PBXFileReference; lastKnownFileType = file.storyboard; name = Base; path = Base.lproj/Main.storyboard; sourceTree = "<group>"; };
		8249536124F8E7540044267B /* Assets.xcassets */ = {isa = PBXFileReference; lastKnownFileType = folder.assetcatalog; path = Assets.xcassets; sourceTree = "<group>"; };
		8249536424F8E7540044267B /* Base */ = {isa = PBXFileReference; lastKnownFileType = file.storyboard; name = Base; path = Base.lproj/LaunchScreen.storyboard; sourceTree = "<group>"; };
		8249536624F8E7540044267B /* Info.plist */ = {isa = PBXFileReference; lastKnownFileType = text.plist.xml; path = Info.plist; sourceTree = "<group>"; };
		8249536724F8E7540044267B /* main.m */ = {isa = PBXFileReference; lastKnownFileType = sourcecode.c.objc; path = main.m; sourceTree = "<group>"; };
		8249542024F8F9130044267B /* mvJson.json */ = {isa = PBXFileReference; fileEncoding = 4; lastKnownFileType = text.json; path = mvJson.json; sourceTree = "<group>"; };
		8249542124F8F9130044267B /* mvAlpha.mp4 */ = {isa = PBXFileReference; lastKnownFileType = file; path = mvAlpha.mp4; sourceTree = "<group>"; };
		8249542224F8F9130044267B /* mvRGB.mp4 */ = {isa = PBXFileReference; lastKnownFileType = file; path = mvRGB.mp4; sourceTree = "<group>"; };
		826FCD3A24FFE6F90057C74C /* testImg.JPG */ = {isa = PBXFileReference; lastKnownFileType = image.jpeg; path = testImg.JPG; sourceTree = "<group>"; };
		826FCD3C250095210057C74C /* tmp-1.jpg */ = {isa = PBXFileReference; lastKnownFileType = image.jpeg; path = "tmp-1.jpg"; sourceTree = "<group>"; };
		8F7C052F854C20F40BB6B878 /* libPods-AlphaVideoPlayExport.a */ = {isa = PBXFileReference; explicitFileType = archive.ar; includeInIndex = 0; path = "libPods-AlphaVideoPlayExport.a"; sourceTree = BUILT_PRODUCTS_DIR; };
		D52F1AA72EFEECED7ABCF530 /* Pods-AlphaVideoPlayExport.release.xcconfig */ = {isa = PBXFileReference; includeInIndex = 1; lastKnownFileType = text.xcconfig; name = "Pods-AlphaVideoPlayExport.release.xcconfig"; path = "Target Support Files/Pods-AlphaVideoPlayExport/Pods-AlphaVideoPlayExport.release.xcconfig"; sourceTree = "<group>"; };
/* End PBXFileReference section */

/* Begin PBXFrameworksBuildPhase section */
		8249534F24F8E74D0044267B /* Frameworks */ = {
			isa = PBXFrameworksBuildPhase;
			buildActionMask = 2147483647;
			files = (
				569484B4544EA2936ABB0A58 /* libPods-AlphaVideoPlayExport.a in Frameworks */,
			);
			runOnlyForDeploymentPostprocessing = 0;
		};
/* End PBXFrameworksBuildPhase section */

/* Begin PBXGroup section */
		5A8F8BAC8242558C72E28B70 /* Frameworks */ = {
			isa = PBXGroup;
			children = (
				8F7C052F854C20F40BB6B878 /* libPods-AlphaVideoPlayExport.a */,
			);
			name = Frameworks;
			sourceTree = "<group>";
		};
		8249534924F8E74D0044267B = {
			isa = PBXGroup;
			children = (
				8249535424F8E74D0044267B /* AlphaVideoPlayExport */,
				8249535324F8E74D0044267B /* Products */,
				E15542BFEBB6F00C921CD43A /* Pods */,
				5A8F8BAC8242558C72E28B70 /* Frameworks */,
			);
			sourceTree = "<group>";
		};
		8249535324F8E74D0044267B /* Products */ = {
			isa = PBXGroup;
			children = (
				8249535224F8E74D0044267B /* 透明播放并导出实现.app */,
			);
			name = Products;
			sourceTree = "<group>";
		};
		8249535424F8E74D0044267B /* AlphaVideoPlayExport */ = {
			isa = PBXGroup;
			children = (
				8249535524F8E74D0044267B /* AppDelegate.h */,
				8249535624F8E74D0044267B /* AppDelegate.m */,
				8249535824F8E74D0044267B /* SceneDelegate.h */,
				8249535924F8E74D0044267B /* SceneDelegate.m */,
				8249535B24F8E74D0044267B /* ViewController.h */,
				8249535C24F8E74D0044267B /* ViewController.m */,
				8249537124F8F0A40044267B /* SRC */,
				8249535E24F8E74D0044267B /* Main.storyboard */,
				8249536124F8E7540044267B /* Assets.xcassets */,
				8249536324F8E7540044267B /* LaunchScreen.storyboard */,
				8249536624F8E7540044267B /* Info.plist */,
				8249536724F8E7540044267B /* main.m */,
			);
			path = AlphaVideoPlayExport;
			sourceTree = "<group>";
		};
		8249537124F8F0A40044267B /* SRC */ = {
			isa = PBXGroup;
			children = (
				8249541F24F8F9070044267B /* Video */,
			);
			path = SRC;
			sourceTree = "<group>";
		};
		8249541F24F8F9070044267B /* Video */ = {
			isa = PBXGroup;
			children = (
				826FCD3C250095210057C74C /* tmp-1.jpg */,
				826FCD3A24FFE6F90057C74C /* testImg.JPG */,
				8249542124F8F9130044267B /* mvAlpha.mp4 */,
				8249542024F8F9130044267B /* mvJson.json */,
				8249542224F8F9130044267B /* mvRGB.mp4 */,
			);
			path = Video;
			sourceTree = "<group>";
		};
		E15542BFEBB6F00C921CD43A /* Pods */ = {
			isa = PBXGroup;
			children = (
				25648EE141A1F02A840BCD26 /* Pods-AlphaVideoPlayExport.debug.xcconfig */,
				D52F1AA72EFEECED7ABCF530 /* Pods-AlphaVideoPlayExport.release.xcconfig */,
			);
			name = Pods;
			path = Pods;
			sourceTree = "<group>";
		};
/* End PBXGroup section */

/* Begin PBXNativeTarget section */
		8249535124F8E74D0044267B /* AlphaVideoPlayExport */ = {
			isa = PBXNativeTarget;
			buildConfigurationList = 8249536B24F8E7540044267B /* Build configuration list for PBXNativeTarget "AlphaVideoPlayExport" */;
			buildPhases = (
				D5607C5FCF652CEC7300B480 /* [CP] Check Pods Manifest.lock */,
				8249534E24F8E74D0044267B /* Sources */,
				8249534F24F8E74D0044267B /* Frameworks */,
				8249535024F8E74D0044267B /* Resources */,
			);
			buildRules = (
			);
			dependencies = (
			);
			name = AlphaVideoPlayExport;
			productName = AlphaVideoPlayExport;
			productReference = 8249535224F8E74D0044267B /* 透明播放并导出实现.app */;
			productType = "com.apple.product-type.application";
		};
/* End PBXNativeTarget section */

/* Begin PBXProject section */
		8249534A24F8E74D0044267B /* Project object */ = {
			isa = PBXProject;
			attributes = {
				LastUpgradeCheck = 1160;
				ORGANIZATIONNAME = AlphaVideoPlayExport;
				TargetAttributes = {
					8249535124F8E74D0044267B = {
						CreatedOnToolsVersion = 11.6;
					};
				};
			};
			buildConfigurationList = 8249534D24F8E74D0044267B /* Build configuration list for PBXProject "AlphaVideoPlayExport" */;
			compatibilityVersion = "Xcode 9.3";
			developmentRegion = en;
			hasScannedForEncodings = 0;
			knownRegions = (
				en,
				Base,
			);
			mainGroup = 8249534924F8E74D0044267B;
			productRefGroup = 8249535324F8E74D0044267B /* Products */;
			projectDirPath = "";
			projectRoot = "";
			targets = (
				8249535124F8E74D0044267B /* AlphaVideoPlayExport */,
			);
		};
/* End PBXProject section */

/* Begin PBXResourcesBuildPhase section */
		8249535024F8E74D0044267B /* Resources */ = {
			isa = PBXResourcesBuildPhase;
			buildActionMask = 2147483647;
			files = (
				8249542324F8F9130044267B /* mvJson.json in Resources */,
				826FCD3D250095210057C74C /* tmp-1.jpg in Resources */,
				826FCD3B24FFE6FA0057C74C /* testImg.JPG in Resources */,
				8249536524F8E7540044267B /* LaunchScreen.storyboard in Resources */,
				8249542524F8F9130044267B /* mvRGB.mp4 in Resources */,
				8249542424F8F9130044267B /* mvAlpha.mp4 in Resources */,
				8249536224F8E7540044267B /* Assets.xcassets in Resources */,
				8249536024F8E74D0044267B /* Main.storyboard in Resources */,
			);
			runOnlyForDeploymentPostprocessing = 0;
		};
/* End PBXResourcesBuildPhase section */

/* Begin PBXShellScriptBuildPhase section */
		D5607C5FCF652CEC7300B480 /* [CP] Check Pods Manifest.lock */ = {
			isa = PBXShellScriptBuildPhase;
			buildActionMask = 2147483647;
			files = (
			);
			inputFileListPaths = (
			);
			inputPaths = (
				"${PODS_PODFILE_DIR_PATH}/Podfile.lock",
				"${PODS_ROOT}/Manifest.lock",
			);
			name = "[CP] Check Pods Manifest.lock";
			outputFileListPaths = (
			);
			outputPaths = (
				"$(DERIVED_FILE_DIR)/Pods-AlphaVideoPlayExport-checkManifestLockResult.txt",
			);
			runOnlyForDeploymentPostprocessing = 0;
			shellPath = /bin/sh;
			shellScript = "diff \"${PODS_PODFILE_DIR_PATH}/Podfile.lock\" \"${PODS_ROOT}/Manifest.lock\" > /dev/null\nif [ $? != 0 ] ; then\n    # print error to STDERR\n    echo \"error: The sandbox is not in sync with the Podfile.lock. Run 'pod install' or update your CocoaPods installation.\" >&2\n    exit 1\nfi\n# This output is used by Xcode 'outputs' to avoid re-running this script phase.\necho \"SUCCESS\" > \"${SCRIPT_OUTPUT_FILE_0}\"\n";
			showEnvVarsInLog = 0;
		};
/* End PBXShellScriptBuildPhase section */

/* Begin PBXSourcesBuildPhase section */
		8249534E24F8E74D0044267B /* Sources */ = {
			isa = PBXSourcesBuildPhase;
			buildActionMask = 2147483647;
			files = (
				8249535D24F8E74D0044267B /* ViewController.m in Sources */,
				8249535724F8E74D0044267B /* AppDelegate.m in Sources */,
				8249536824F8E7540044267B /* main.m in Sources */,
				8249535A24F8E74D0044267B /* SceneDelegate.m in Sources */,
			);
			runOnlyForDeploymentPostprocessing = 0;
		};
/* End PBXSourcesBuildPhase section */

/* Begin PBXVariantGroup section */
		8249535E24F8E74D0044267B /* Main.storyboard */ = {
			isa = PBXVariantGroup;
			children = (
				8249535F24F8E74D0044267B /* Base */,
			);
			name = Main.storyboard;
			sourceTree = "<group>";
		};
		8249536324F8E7540044267B /* LaunchScreen.storyboard */ = {
			isa = PBXVariantGroup;
			children = (
				8249536424F8E7540044267B /* Base */,
			);
			name = LaunchScreen.storyboard;
			sourceTree = "<group>";
		};
/* End PBXVariantGroup section */

/* Begin XCBuildConfiguration section */
		8249536924F8E7540044267B /* Debug */ = {
			isa = XCBuildConfiguration;
			buildSettings = {
				ALWAYS_SEARCH_USER_PATHS = NO;
				CLANG_ANALYZER_NONNULL = YES;
				CLANG_ANALYZER_NUMBER_OBJECT_CONVERSION = YES_AGGRESSIVE;
				CLANG_CXX_LANGUAGE_STANDARD = "gnu++14";
				CLANG_CXX_LIBRARY = "libc++";
				CLANG_ENABLE_MODULES = YES;
				CLANG_ENABLE_OBJC_ARC = YES;
				CLANG_ENABLE_OBJC_WEAK = YES;
				CLANG_WARN_BLOCK_CAPTURE_AUTORELEASING = YES;
				CLANG_WARN_BOOL_CONVERSION = YES;
				CLANG_WARN_COMMA = YES;
				CLANG_WARN_CONSTANT_CONVERSION = YES;
				CLANG_WARN_DEPRECATED_OBJC_IMPLEMENTATIONS = YES;
				CLANG_WARN_DIRECT_OBJC_ISA_USAGE = YES_ERROR;
				CLANG_WARN_DOCUMENTATION_COMMENTS = YES;
				CLANG_WARN_EMPTY_BODY = YES;
				CLANG_WARN_ENUM_CONVERSION = YES;
				CLANG_WARN_INFINITE_RECURSION = YES;
				CLANG_WARN_INT_CONVERSION = YES;
				CLANG_WARN_NON_LITERAL_NULL_CONVERSION = YES;
				CLANG_WARN_OBJC_IMPLICIT_RETAIN_SELF = YES;
				CLANG_WARN_OBJC_LITERAL_CONVERSION = YES;
				CLANG_WARN_OBJC_ROOT_CLASS = YES_ERROR;
				CLANG_WARN_RANGE_LOOP_ANALYSIS = YES;
				CLANG_WARN_STRICT_PROTOTYPES = YES;
				CLANG_WARN_SUSPICIOUS_MOVE = YES;
				CLANG_WARN_UNGUARDED_AVAILABILITY = YES_AGGRESSIVE;
				CLANG_WARN_UNREACHABLE_CODE = YES;
				CLANG_WARN__DUPLICATE_METHOD_MATCH = YES;
				COPY_PHASE_STRIP = NO;
				DEBUG_INFORMATION_FORMAT = dwarf;
				ENABLE_STRICT_OBJC_MSGSEND = YES;
				ENABLE_TESTABILITY = YES;
				GCC_C_LANGUAGE_STANDARD = gnu11;
				GCC_DYNAMIC_NO_PIC = NO;
				GCC_NO_COMMON_BLOCKS = YES;
				GCC_OPTIMIZATION_LEVEL = 0;
				GCC_PREPROCESSOR_DEFINITIONS = (
					"DEBUG=1",
					"$(inherited)",
				);
				GCC_WARN_64_TO_32_BIT_CONVERSION = YES;
				GCC_WARN_ABOUT_RETURN_TYPE = YES_ERROR;
				GCC_WARN_UNDECLARED_SELECTOR = YES;
				GCC_WARN_UNINITIALIZED_AUTOS = YES_AGGRESSIVE;
				GCC_WARN_UNUSED_FUNCTION = YES;
				GCC_WARN_UNUSED_VARIABLE = YES;
				IPHONEOS_DEPLOYMENT_TARGET = 10.0;
				MTL_ENABLE_DEBUG_INFO = INCLUDE_SOURCE;
				MTL_FAST_MATH = YES;
				ONLY_ACTIVE_ARCH = YES;
				SDKROOT = iphoneos;
			};
			name = Debug;
		};
		8249536A24F8E7540044267B /* Release */ = {
			isa = XCBuildConfiguration;
			buildSettings = {
				ALWAYS_SEARCH_USER_PATHS = NO;
				CLANG_ANALYZER_NONNULL = YES;
				CLANG_ANALYZER_NUMBER_OBJECT_CONVERSION = YES_AGGRESSIVE;
				CLANG_CXX_LANGUAGE_STANDARD = "gnu++14";
				CLANG_CXX_LIBRARY = "libc++";
				CLANG_ENABLE_MODULES = YES;
				CLANG_ENABLE_OBJC_ARC = YES;
				CLANG_ENABLE_OBJC_WEAK = YES;
				CLANG_WARN_BLOCK_CAPTURE_AUTORELEASING = YES;
				CLANG_WARN_BOOL_CONVERSION = YES;
				CLANG_WARN_COMMA = YES;
				CLANG_WARN_CONSTANT_CONVERSION = YES;
				CLANG_WARN_DEPRECATED_OBJC_IMPLEMENTATIONS = YES;
				CLANG_WARN_DIRECT_OBJC_ISA_USAGE = YES_ERROR;
				CLANG_WARN_DOCUMENTATION_COMMENTS = YES;
				CLANG_WARN_EMPTY_BODY = YES;
				CLANG_WARN_ENUM_CONVERSION = YES;
				CLANG_WARN_INFINITE_RECURSION = YES;
				CLANG_WARN_INT_CONVERSION = YES;
				CLANG_WARN_NON_LITERAL_NULL_CONVERSION = YES;
				CLANG_WARN_OBJC_IMPLICIT_RETAIN_SELF = YES;
				CLANG_WARN_OBJC_LITERAL_CONVERSION = YES;
				CLANG_WARN_OBJC_ROOT_CLASS = YES_ERROR;
				CLANG_WARN_RANGE_LOOP_ANALYSIS = YES;
				CLANG_WARN_STRICT_PROTOTYPES = YES;
				CLANG_WARN_SUSPICIOUS_MOVE = YES;
				CLANG_WARN_UNGUARDED_AVAILABILITY = YES_AGGRESSIVE;
				CLANG_WARN_UNREACHABLE_CODE = YES;
				CLANG_WARN__DUPLICATE_METHOD_MATCH = YES;
				COPY_PHASE_STRIP = NO;
				DEBUG_INFORMATION_FORMAT = "dwarf-with-dsym";
				ENABLE_NS_ASSERTIONS = NO;
				ENABLE_STRICT_OBJC_MSGSEND = YES;
				GCC_C_LANGUAGE_STANDARD = gnu11;
				GCC_NO_COMMON_BLOCKS = YES;
				GCC_WARN_64_TO_32_BIT_CONVERSION = YES;
				GCC_WARN_ABOUT_RETURN_TYPE = YES_ERROR;
				GCC_WARN_UNDECLARED_SELECTOR = YES;
				GCC_WARN_UNINITIALIZED_AUTOS = YES_AGGRESSIVE;
				GCC_WARN_UNUSED_FUNCTION = YES;
				GCC_WARN_UNUSED_VARIABLE = YES;
				IPHONEOS_DEPLOYMENT_TARGET = 10.0;
				MTL_ENABLE_DEBUG_INFO = NO;
				MTL_FAST_MATH = YES;
				SDKROOT = iphoneos;
				VALIDATE_PRODUCT = YES;
			};
			name = Release;
		};
		8249536C24F8E7540044267B /* Debug */ = {
			isa = XCBuildConfiguration;
			baseConfigurationReference = 25648EE141A1F02A840BCD26 /* Pods-AlphaVideoPlayExport.debug.xcconfig */;
			buildSettings = {
				ASSETCATALOG_COMPILER_APPICON_NAME = AppIcon;
				CODE_SIGN_STYLE = Automatic;
				DEVELOPMENT_TEAM = J4U8Y8824X;
				GCC_PREPROCESSOR_DEFINITIONS = (
					"DEBUG=1",
					"$(inherited)",
				);
				INFOPLIST_FILE = AlphaVideoPlayExport/Info.plist;
				IPHONEOS_DEPLOYMENT_TARGET = 9.0;
				LD_RUNPATH_SEARCH_PATHS = (
					"$(inherited)",
					"@executable_path/Frameworks",
				);
				PRODUCT_BUNDLE_IDENTIFIER = com.alphavideoexport.AlphaVideoPlayExport;
				PRODUCT_NAME = "透明播放并导出实现";
				TARGETED_DEVICE_FAMILY = 1;
			};
			name = Debug;
		};
		8249536D24F8E7540044267B /* Release */ = {
			isa = XCBuildConfiguration;
			baseConfigurationReference = D52F1AA72EFEECED7ABCF530 /* Pods-AlphaVideoPlayExport.release.xcconfig */;
			buildSettings = {
				ASSETCATALOG_COMPILER_APPICON_NAME = AppIcon;
				CODE_SIGN_STYLE = Automatic;
				DEVELOPMENT_TEAM = J4U8Y8824X;
				INFOPLIST_FILE = AlphaVideoPlayExport/Info.plist;
				IPHONEOS_DEPLOYMENT_TARGET = 9.0;
				LD_RUNPATH_SEARCH_PATHS = (
					"$(inherited)",
					"@executable_path/Frameworks",
				);
				PRODUCT_BUNDLE_IDENTIFIER = com.alphavideoexport.AlphaVideoPlayExport;
				PRODUCT_NAME = "透明播放并导出实现";
				TARGETED_DEVICE_FAMILY = 1;
			};
			name = Release;
		};
/* End XCBuildConfiguration section */

/* Begin XCConfigurationList section */
		8249534D24F8E74D0044267B /* Build configuration list for PBXProject "AlphaVideoPlayExport" */ = {
			isa = XCConfigurationList;
			buildConfigurations = (
				8249536924F8E7540044267B /* Debug */,
				8249536A24F8E7540044267B /* Release */,
			);
			defaultConfigurationIsVisible = 0;
			defaultConfigurationName = Release;
		};
		8249536B24F8E7540044267B /* Build configuration list for PBXNativeTarget "AlphaVideoPlayExport" */ = {
			isa = XCConfigurationList;
			buildConfigurations = (
				8249536C24F8E7540044267B /* Debug */,
				8249536D24F8E7540044267B /* Release */,
			);
			defaultConfigurationIsVisible = 0;
			defaultConfigurationName = Release;
		};
/* End XCConfigurationList section */
	};
	rootObject = 8249534A24F8E74D0044267B /* Project object */;
}
