// !$*UTF8*$!
{
	archiveVersion = 1;
	classes = {
	};
	objectVersion = 50;
	objects = {

/* Begin PBXBuildFile section */
		0F52884E21BF9952001BC3C4 /* StudyRuntime.m in Sources */ = {isa = PBXBuildFile; fileRef = 0F52884D21BF9952001BC3C4 /* StudyRuntime.m */; };
		0F75EC8221AE7D0100A596B4 /* AppDelegate.m in Sources */ = {isa = PBXBuildFile; fileRef = 0F75EC8121AE7D0100A596B4 /* AppDelegate.m */; };
		0F75EC8521AE7D0100A596B4 /* ViewController.m in Sources */ = {isa = PBXBuildFile; fileRef = 0F75EC8421AE7D0100A596B4 /* ViewController.m */; };
		0F75EC8821AE7D0100A596B4 /* Main.storyboard in Resources */ = {isa = PBXBuildFile; fileRef = 0F75EC8621AE7D0100A596B4 /* Main.storyboard */; };
		0F75EC8A21AE7D1000A596B4 /* Assets.xcassets in Resources */ = {isa = PBXBuildFile; fileRef = 0F75EC8921AE7D1000A596B4 /* Assets.xcassets */; };
		0F75EC8D21AE7D1000A596B4 /* LaunchScreen.storyboard in Resources */ = {isa = PBXBuildFile; fileRef = 0F75EC8B21AE7D1000A596B4 /* LaunchScreen.storyboard */; };
		0F75EC9021AE7D1000A596B4 /* main.m in Sources */ = {isa = PBXBuildFile; fileRef = 0F75EC8F21AE7D1000A596B4 /* main.m */; };
		0F75EC9A21AE945600A596B4 /* ToolMgr.m in Sources */ = {isa = PBXBuildFile; fileRef = 0F75EC9921AE945600A596B4 /* ToolMgr.m */; };
		439D7E03E6E88908777F5C5B /* libPods-StudyProj.a in Frameworks */ = {isa = PBXBuildFile; fileRef = 5159696F1D8A223F668C454E /* libPods-StudyProj.a */; };
/* End PBXBuildFile section */

/* Begin PBXFileReference section */
		0F52884C21BF9952001BC3C4 /* StudyRuntime.h */ = {isa = PBXFileReference; lastKnownFileType = sourcecode.c.h; path = StudyRuntime.h; sourceTree = "<group>"; };
		0F52884D21BF9952001BC3C4 /* StudyRuntime.m */ = {isa = PBXFileReference; lastKnownFileType = sourcecode.c.objc; path = StudyRuntime.m; sourceTree = "<group>"; };
		0F75EC7D21AE7D0000A596B4 /* StudyProj.app */ = {isa = PBXFileReference; explicitFileType = wrapper.application; includeInIndex = 0; path = StudyProj.app; sourceTree = BUILT_PRODUCTS_DIR; };
		0F75EC8021AE7D0100A596B4 /* AppDelegate.h */ = {isa = PBXFileReference; lastKnownFileType = sourcecode.c.h; path = AppDelegate.h; sourceTree = "<group>"; };
		0F75EC8121AE7D0100A596B4 /* AppDelegate.m */ = {isa = PBXFileReference; lastKnownFileType = sourcecode.c.objc; path = AppDelegate.m; sourceTree = "<group>"; };
		0F75EC8321AE7D0100A596B4 /* ViewController.h */ = {isa = PBXFileReference; lastKnownFileType = sourcecode.c.h; path = ViewController.h; sourceTree = "<group>"; };
		0F75EC8421AE7D0100A596B4 /* ViewController.m */ = {isa = PBXFileReference; lastKnownFileType = sourcecode.c.objc; path = ViewController.m; sourceTree = "<group>"; };
		0F75EC8721AE7D0100A596B4 /* Base */ = {isa = PBXFileReference; lastKnownFileType = file.storyboard; name = Base; path = Base.lproj/Main.storyboard; sourceTree = "<group>"; };
		0F75EC8921AE7D1000A596B4 /* Assets.xcassets */ = {isa = PBXFileReference; lastKnownFileType = folder.assetcatalog; path = Assets.xcassets; sourceTree = "<group>"; };
		0F75EC8C21AE7D1000A596B4 /* Base */ = {isa = PBXFileReference; lastKnownFileType = file.storyboard; name = Base; path = Base.lproj/LaunchScreen.storyboard; sourceTree = "<group>"; };
		0F75EC8E21AE7D1000A596B4 /* Info.plist */ = {isa = PBXFileReference; lastKnownFileType = text.plist.xml; path = Info.plist; sourceTree = "<group>"; };
		0F75EC8F21AE7D1000A596B4 /* main.m */ = {isa = PBXFileReference; lastKnownFileType = sourcecode.c.objc; path = main.m; sourceTree = "<group>"; };
		0F75EC9821AE945600A596B4 /* ToolMgr.h */ = {isa = PBXFileReference; lastKnownFileType = sourcecode.c.h; path = ToolMgr.h; sourceTree = "<group>"; };
		0F75EC9921AE945600A596B4 /* ToolMgr.m */ = {isa = PBXFileReference; lastKnownFileType = sourcecode.c.objc; path = ToolMgr.m; sourceTree = "<group>"; };
		5159696F1D8A223F668C454E /* libPods-StudyProj.a */ = {isa = PBXFileReference; explicitFileType = archive.ar; includeInIndex = 0; path = "libPods-StudyProj.a"; sourceTree = BUILT_PRODUCTS_DIR; };
		723820225C2E35704A885873 /* Pods-StudyProj.debug.xcconfig */ = {isa = PBXFileReference; includeInIndex = 1; lastKnownFileType = text.xcconfig; name = "Pods-StudyProj.debug.xcconfig"; path = "Pods/Target Support Files/Pods-StudyProj/Pods-StudyProj.debug.xcconfig"; sourceTree = "<group>"; };
		E22A4C0F853E70B693EDEE45 /* Pods-StudyProj.release.xcconfig */ = {isa = PBXFileReference; includeInIndex = 1; lastKnownFileType = text.xcconfig; name = "Pods-StudyProj.release.xcconfig"; path = "Pods/Target Support Files/Pods-StudyProj/Pods-StudyProj.release.xcconfig"; sourceTree = "<group>"; };
/* End PBXFileReference section */

/* Begin PBXFrameworksBuildPhase section */
		0F75EC7A21AE7D0000A596B4 /* Frameworks */ = {
			isa = PBXFrameworksBuildPhase;
			buildActionMask = 2147483647;
			files = (
				439D7E03E6E88908777F5C5B /* libPods-StudyProj.a in Frameworks */,
			);
			runOnlyForDeploymentPostprocessing = 0;
		};
/* End PBXFrameworksBuildPhase section */

/* Begin PBXGroup section */
		0F75EC7421AE7D0000A596B4 = {
			isa = PBXGroup;
			children = (
				0F75EC7F21AE7D0000A596B4 /* StudyProj */,
				0F75EC7E21AE7D0000A596B4 /* Products */,
				4AA52711F8ECB722A7D579A7 /* Pods */,
				A6CAB18C68190D694F5AA80B /* Frameworks */,
			);
			sourceTree = "<group>";
		};
		0F75EC7E21AE7D0000A596B4 /* Products */ = {
			isa = PBXGroup;
			children = (
				0F75EC7D21AE7D0000A596B4 /* StudyProj.app */,
			);
			name = Products;
			sourceTree = "<group>";
		};
		0F75EC7F21AE7D0000A596B4 /* StudyProj */ = {
			isa = PBXGroup;
			children = (
				0F75EC9821AE945600A596B4 /* ToolMgr.h */,
				0F75EC9921AE945600A596B4 /* ToolMgr.m */,
				0F75EC8021AE7D0100A596B4 /* AppDelegate.h */,
				0F75EC8121AE7D0100A596B4 /* AppDelegate.m */,
				0F75EC8321AE7D0100A596B4 /* ViewController.h */,
				0F75EC8421AE7D0100A596B4 /* ViewController.m */,
				0F52884C21BF9952001BC3C4 /* StudyRuntime.h */,
				0F52884D21BF9952001BC3C4 /* StudyRuntime.m */,
				0F75EC8621AE7D0100A596B4 /* Main.storyboard */,
				0F75EC8921AE7D1000A596B4 /* Assets.xcassets */,
				0F75EC8B21AE7D1000A596B4 /* LaunchScreen.storyboard */,
				0F75EC8E21AE7D1000A596B4 /* Info.plist */,
				0F75EC8F21AE7D1000A596B4 /* main.m */,
			);
			path = StudyProj;
			sourceTree = "<group>";
		};
		4AA52711F8ECB722A7D579A7 /* Pods */ = {
			isa = PBXGroup;
			children = (
				723820225C2E35704A885873 /* Pods-StudyProj.debug.xcconfig */,
				E22A4C0F853E70B693EDEE45 /* Pods-StudyProj.release.xcconfig */,
			);
			name = Pods;
			sourceTree = "<group>";
		};
		A6CAB18C68190D694F5AA80B /* Frameworks */ = {
			isa = PBXGroup;
			children = (
				5159696F1D8A223F668C454E /* libPods-StudyProj.a */,
			);
			name = Frameworks;
			sourceTree = "<group>";
		};
/* End PBXGroup section */

/* Begin PBXNativeTarget section */
		0F75EC7C21AE7D0000A596B4 /* StudyProj */ = {
			isa = PBXNativeTarget;
			buildConfigurationList = 0F75EC9321AE7D1000A596B4 /* Build configuration list for PBXNativeTarget "StudyProj" */;
			buildPhases = (
				70CFF2FFA91CBAE21809F819 /* [CP] Check Pods Manifest.lock */,
				0F75EC7921AE7D0000A596B4 /* Sources */,
				0F75EC7A21AE7D0000A596B4 /* Frameworks */,
				0F75EC7B21AE7D0000A596B4 /* Resources */,
				C87875FA47F22A232A3800C3 /* [CP] Copy Pods Resources */,
			);
			buildRules = (
			);
			dependencies = (
			);
			name = StudyProj;
			productName = StudyProj;
			productReference = 0F75EC7D21AE7D0000A596B4 /* StudyProj.app */;
			productType = "com.apple.product-type.application";
		};
/* End PBXNativeTarget section */

/* Begin PBXProject section */
		0F75EC7521AE7D0000A596B4 /* Project object */ = {
			isa = PBXProject;
			attributes = {
				LastUpgradeCheck = 1010;
				ORGANIZATIONNAME = Dayao;
				TargetAttributes = {
					0F75EC7C21AE7D0000A596B4 = {
						CreatedOnToolsVersion = 10.1;
					};
				};
			};
			buildConfigurationList = 0F75EC7821AE7D0000A596B4 /* Build configuration list for PBXProject "StudyProj" */;
			compatibilityVersion = "Xcode 9.3";
			developmentRegion = en;
			hasScannedForEncodings = 0;
			knownRegions = (
				en,
				Base,
			);
			mainGroup = 0F75EC7421AE7D0000A596B4;
			productRefGroup = 0F75EC7E21AE7D0000A596B4 /* Products */;
			projectDirPath = "";
			projectRoot = "";
			targets = (
				0F75EC7C21AE7D0000A596B4 /* StudyProj */,
			);
		};
/* End PBXProject section */

/* Begin PBXResourcesBuildPhase section */
		0F75EC7B21AE7D0000A596B4 /* Resources */ = {
			isa = PBXResourcesBuildPhase;
			buildActionMask = 2147483647;
			files = (
				0F75EC8D21AE7D1000A596B4 /* LaunchScreen.storyboard in Resources */,
				0F75EC8A21AE7D1000A596B4 /* Assets.xcassets in Resources */,
				0F75EC8821AE7D0100A596B4 /* Main.storyboard in Resources */,
			);
			runOnlyForDeploymentPostprocessing = 0;
		};
/* End PBXResourcesBuildPhase section */

/* Begin PBXShellScriptBuildPhase section */
		70CFF2FFA91CBAE21809F819 /* [CP] Check Pods Manifest.lock */ = {
			isa = PBXShellScriptBuildPhase;
			buildActionMask = 2147483647;
			files = (
			);
			inputFileListPaths = (
			);
			inputPaths = (
				"${PODS_PODFILE_DIR_PATH}/Podfile.lock",
				"${PODS_ROOT}/Manifest.lock",
			);
			name = "[CP] Check Pods Manifest.lock";
			outputFileListPaths = (
			);
			outputPaths = (
				"$(DERIVED_FILE_DIR)/Pods-StudyProj-checkManifestLockResult.txt",
			);
			runOnlyForDeploymentPostprocessing = 0;
			shellPath = /bin/sh;
			shellScript = "diff \"${PODS_PODFILE_DIR_PATH}/Podfile.lock\" \"${PODS_ROOT}/Manifest.lock\" > /dev/null\nif [ $? != 0 ] ; then\n    # print error to STDERR\n    echo \"error: The sandbox is not in sync with the Podfile.lock. Run 'pod install' or update your CocoaPods installation.\" >&2\n    exit 1\nfi\n# This output is used by Xcode 'outputs' to avoid re-running this script phase.\necho \"SUCCESS\" > \"${SCRIPT_OUTPUT_FILE_0}\"\n";
			showEnvVarsInLog = 0;
		};
		C87875FA47F22A232A3800C3 /* [CP] Copy Pods Resources */ = {
			isa = PBXShellScriptBuildPhase;
			buildActionMask = 2147483647;
			files = (
			);
			inputFileListPaths = (
			);
			inputPaths = (
				"${SRCROOT}/Pods/Target Support Files/Pods-StudyProj/Pods-StudyProj-resources.sh",
				"${PODS_ROOT}/MJRefresh/MJRefresh/MJRefresh.bundle",
			);
			name = "[CP] Copy Pods Resources";
			outputFileListPaths = (
			);
			outputPaths = (
				"${TARGET_BUILD_DIR}/${UNLOCALIZED_RESOURCES_FOLDER_PATH}/MJRefresh.bundle",
			);
			runOnlyForDeploymentPostprocessing = 0;
			shellPath = /bin/sh;
			shellScript = "\"${SRCROOT}/Pods/Target Support Files/Pods-StudyProj/Pods-StudyProj-resources.sh\"\n";
			showEnvVarsInLog = 0;
		};
/* End PBXShellScriptBuildPhase section */

/* Begin PBXSourcesBuildPhase section */
		0F75EC7921AE7D0000A596B4 /* Sources */ = {
			isa = PBXSourcesBuildPhase;
			buildActionMask = 2147483647;
			files = (
				0F75EC9A21AE945600A596B4 /* ToolMgr.m in Sources */,
				0F52884E21BF9952001BC3C4 /* StudyRuntime.m in Sources */,
				0F75EC8521AE7D0100A596B4 /* ViewController.m in Sources */,
				0F75EC9021AE7D1000A596B4 /* main.m in Sources */,
				0F75EC8221AE7D0100A596B4 /* AppDelegate.m in Sources */,
			);
			runOnlyForDeploymentPostprocessing = 0;
		};
/* End PBXSourcesBuildPhase section */

/* Begin PBXVariantGroup section */
		0F75EC8621AE7D0100A596B4 /* Main.storyboard */ = {
			isa = PBXVariantGroup;
			children = (
				0F75EC8721AE7D0100A596B4 /* Base */,
			);
			name = Main.storyboard;
			sourceTree = "<group>";
		};
		0F75EC8B21AE7D1000A596B4 /* LaunchScreen.storyboard */ = {
			isa = PBXVariantGroup;
			children = (
				0F75EC8C21AE7D1000A596B4 /* Base */,
			);
			name = LaunchScreen.storyboard;
			sourceTree = "<group>";
		};
/* End PBXVariantGroup section */

/* Begin XCBuildConfiguration section */
		0F75EC9121AE7D1000A596B4 /* Debug */ = {
			isa = XCBuildConfiguration;
			buildSettings = {
				ALWAYS_SEARCH_USER_PATHS = NO;
				CLANG_ANALYZER_NONNULL = YES;
				CLANG_ANALYZER_NUMBER_OBJECT_CONVERSION = YES_AGGRESSIVE;
				CLANG_CXX_LANGUAGE_STANDARD = "gnu++14";
				CLANG_CXX_LIBRARY = "libc++";
				CLANG_ENABLE_MODULES = YES;
				CLANG_ENABLE_OBJC_ARC = YES;
				CLANG_ENABLE_OBJC_WEAK = YES;
				CLANG_WARN_BLOCK_CAPTURE_AUTORELEASING = YES;
				CLANG_WARN_BOOL_CONVERSION = YES;
				CLANG_WARN_COMMA = YES;
				CLANG_WARN_CONSTANT_CONVERSION = YES;
				CLANG_WARN_DEPRECATED_OBJC_IMPLEMENTATIONS = YES;
				CLANG_WARN_DIRECT_OBJC_ISA_USAGE = YES_ERROR;
				CLANG_WARN_DOCUMENTATION_COMMENTS = YES;
				CLANG_WARN_EMPTY_BODY = YES;
				CLANG_WARN_ENUM_CONVERSION = YES;
				CLANG_WARN_INFINITE_RECURSION = YES;
				CLANG_WARN_INT_CONVERSION = YES;
				CLANG_WARN_NON_LITERAL_NULL_CONVERSION = YES;
				CLANG_WARN_OBJC_IMPLICIT_RETAIN_SELF = YES;
				CLANG_WARN_OBJC_LITERAL_CONVERSION = YES;
				CLANG_WARN_OBJC_ROOT_CLASS = YES_ERROR;
				CLANG_WARN_RANGE_LOOP_ANALYSIS = YES;
				CLANG_WARN_STRICT_PROTOTYPES = YES;
				CLANG_WARN_SUSPICIOUS_MOVE = YES;
				CLANG_WARN_UNGUARDED_AVAILABILITY = YES_AGGRESSIVE;
				CLANG_WARN_UNREACHABLE_CODE = YES;
				CLANG_WARN__DUPLICATE_METHOD_MATCH = YES;
				CODE_SIGN_IDENTITY = "iPhone Developer";
				COPY_PHASE_STRIP = NO;
				DEBUG_INFORMATION_FORMAT = dwarf;
				ENABLE_STRICT_OBJC_MSGSEND = YES;
				ENABLE_TESTABILITY = YES;
				GCC_C_LANGUAGE_STANDARD = gnu11;
				GCC_DYNAMIC_NO_PIC = NO;
				GCC_NO_COMMON_BLOCKS = YES;
				GCC_OPTIMIZATION_LEVEL = 0;
				GCC_PREPROCESSOR_DEFINITIONS = (
					"DEBUG=1",
					"$(inherited)",
				);
				GCC_WARN_64_TO_32_BIT_CONVERSION = YES;
				GCC_WARN_ABOUT_RETURN_TYPE = YES_ERROR;
				GCC_WARN_UNDECLARED_SELECTOR = YES;
				GCC_WARN_UNINITIALIZED_AUTOS = YES_AGGRESSIVE;
				GCC_WARN_UNUSED_FUNCTION = YES;
				GCC_WARN_UNUSED_VARIABLE = YES;
				IPHONEOS_DEPLOYMENT_TARGET = 12.1;
				MTL_ENABLE_DEBUG_INFO = INCLUDE_SOURCE;
				MTL_FAST_MATH = YES;
				ONLY_ACTIVE_ARCH = YES;
				SDKROOT = iphoneos;
			};
			name = Debug;
		};
		0F75EC9221AE7D1000A596B4 /* Release */ = {
			isa = XCBuildConfiguration;
			buildSettings = {
				ALWAYS_SEARCH_USER_PATHS = NO;
				CLANG_ANALYZER_NONNULL = YES;
				CLANG_ANALYZER_NUMBER_OBJECT_CONVERSION = YES_AGGRESSIVE;
				CLANG_CXX_LANGUAGE_STANDARD = "gnu++14";
				CLANG_CXX_LIBRARY = "libc++";
				CLANG_ENABLE_MODULES = YES;
				CLANG_ENABLE_OBJC_ARC = YES;
				CLANG_ENABLE_OBJC_WEAK = YES;
				CLANG_WARN_BLOCK_CAPTURE_AUTORELEASING = YES;
				CLANG_WARN_BOOL_CONVERSION = YES;
				CLANG_WARN_COMMA = YES;
				CLANG_WARN_CONSTANT_CONVERSION = YES;
				CLANG_WARN_DEPRECATED_OBJC_IMPLEMENTATIONS = YES;
				CLANG_WARN_DIRECT_OBJC_ISA_USAGE = YES_ERROR;
				CLANG_WARN_DOCUMENTATION_COMMENTS = YES;
				CLANG_WARN_EMPTY_BODY = YES;
				CLANG_WARN_ENUM_CONVERSION = YES;
				CLANG_WARN_INFINITE_RECURSION = YES;
				CLANG_WARN_INT_CONVERSION = YES;
				CLANG_WARN_NON_LITERAL_NULL_CONVERSION = YES;
				CLANG_WARN_OBJC_IMPLICIT_RETAIN_SELF = YES;
				CLANG_WARN_OBJC_LITERAL_CONVERSION = YES;
				CLANG_WARN_OBJC_ROOT_CLASS = YES_ERROR;
				CLANG_WARN_RANGE_LOOP_ANALYSIS = YES;
				CLANG_WARN_STRICT_PROTOTYPES = YES;
				CLANG_WARN_SUSPICIOUS_MOVE = YES;
				CLANG_WARN_UNGUARDED_AVAILABILITY = YES_AGGRESSIVE;
				CLANG_WARN_UNREACHABLE_CODE = YES;
				CLANG_WARN__DUPLICATE_METHOD_MATCH = YES;
				CODE_SIGN_IDENTITY = "iPhone Developer";
				COPY_PHASE_STRIP = NO;
				DEBUG_INFORMATION_FORMAT = "dwarf-with-dsym";
				ENABLE_NS_ASSERTIONS = NO;
				ENABLE_STRICT_OBJC_MSGSEND = YES;
				GCC_C_LANGUAGE_STANDARD = gnu11;
				GCC_NO_COMMON_BLOCKS = YES;
				GCC_WARN_64_TO_32_BIT_CONVERSION = YES;
				GCC_WARN_ABOUT_RETURN_TYPE = YES_ERROR;
				GCC_WARN_UNDECLARED_SELECTOR = YES;
				GCC_WARN_UNINITIALIZED_AUTOS = YES_AGGRESSIVE;
				GCC_WARN_UNUSED_FUNCTION = YES;
				GCC_WARN_UNUSED_VARIABLE = YES;
				IPHONEOS_DEPLOYMENT_TARGET = 12.1;
				MTL_ENABLE_DEBUG_INFO = NO;
				MTL_FAST_MATH = YES;
				SDKROOT = iphoneos;
				VALIDATE_PRODUCT = YES;
			};
			name = Release;
		};
		0F75EC9421AE7D1000A596B4 /* Debug */ = {
			isa = XCBuildConfiguration;
			baseConfigurationReference = 723820225C2E35704A885873 /* Pods-StudyProj.debug.xcconfig */;
			buildSettings = {
				ASSETCATALOG_COMPILER_APPICON_NAME = AppIcon;
				CODE_SIGN_STYLE = Automatic;
				INFOPLIST_FILE = StudyProj/Info.plist;
				LD_RUNPATH_SEARCH_PATHS = (
					"$(inherited)",
					"@executable_path/Frameworks",
				);
				PRODUCT_BUNDLE_IDENTIFIER = com.dayao.StudyProj;
				PRODUCT_NAME = "$(TARGET_NAME)";
				TARGETED_DEVICE_FAMILY = "1,2";
			};
			name = Debug;
		};
		0F75EC9521AE7D1000A596B4 /* Release */ = {
			isa = XCBuildConfiguration;
			baseConfigurationReference = E22A4C0F853E70B693EDEE45 /* Pods-StudyProj.release.xcconfig */;
			buildSettings = {
				ASSETCATALOG_COMPILER_APPICON_NAME = AppIcon;
				CODE_SIGN_STYLE = Automatic;
				INFOPLIST_FILE = StudyProj/Info.plist;
				LD_RUNPATH_SEARCH_PATHS = (
					"$(inherited)",
					"@executable_path/Frameworks",
				);
				PRODUCT_BUNDLE_IDENTIFIER = com.dayao.StudyProj;
				PRODUCT_NAME = "$(TARGET_NAME)";
				TARGETED_DEVICE_FAMILY = "1,2";
			};
			name = Release;
		};
/* End XCBuildConfiguration section */

/* Begin XCConfigurationList section */
		0F75EC7821AE7D0000A596B4 /* Build configuration list for PBXProject "StudyProj" */ = {
			isa = XCConfigurationList;
			buildConfigurations = (
				0F75EC9121AE7D1000A596B4 /* Debug */,
				0F75EC9221AE7D1000A596B4 /* Release */,
			);
			defaultConfigurationIsVisible = 0;
			defaultConfigurationName = Release;
		};
		0F75EC9321AE7D1000A596B4 /* Build configuration list for PBXNativeTarget "StudyProj" */ = {
			isa = XCConfigurationList;
			buildConfigurations = (
				0F75EC9421AE7D1000A596B4 /* Debug */,
				0F75EC9521AE7D1000A596B4 /* Release */,
			);
			defaultConfigurationIsVisible = 0;
			defaultConfigurationName = Release;
		};
/* End XCConfigurationList section */
	};
	rootObject = 0F75EC7521AE7D0000A596B4 /* Project object */;
}
