// !$*UTF8*$!
{
	archiveVersion = 1;
	classes = {
	};
	objectVersion = 50;
	objects = {

/* Begin PBXBuildFile section */
		0FC1404E21CB88DA00509D37 /* AppDelegate.m in Sources */ = {isa = PBXBuildFile; fileRef = 0FC1404D21CB88DA00509D37 /* AppDelegate.m */; };
		0FC1405121CB88DA00509D37 /* ViewController.m in Sources */ = {isa = PBXBuildFile; fileRef = 0FC1405021CB88DA00509D37 /* ViewController.m */; };
		0FC1405421CB88DA00509D37 /* Main.storyboard in Resources */ = {isa = PBXBuildFile; fileRef = 0FC1405221CB88DA00509D37 /* Main.storyboard */; };
		0FC1405621CB88E400509D37 /* Assets.xcassets in Resources */ = {isa = PBXBuildFile; fileRef = 0FC1405521CB88E400509D37 /* Assets.xcassets */; };
		0FC1405921CB88E400509D37 /* LaunchScreen.storyboard in Resources */ = {isa = PBXBuildFile; fileRef = 0FC1405721CB88E400509D37 /* LaunchScreen.storyboard */; };
		0FC1405C21CB88E400509D37 /* main.m in Sources */ = {isa = PBXBuildFile; fileRef = 0FC1405B21CB88E400509D37 /* main.m */; };
		0FC1406421CB8E7400509D37 /* libsqlite3.0.tbd in Frameworks */ = {isa = PBXBuildFile; fileRef = 0FC1406321CB8E7400509D37 /* libsqlite3.0.tbd */; };
		0FE093CA21CC768E002371C4 /* FMDBMgr.m in Sources */ = {isa = PBXBuildFile; fileRef = 0FE093C921CC768E002371C4 /* FMDBMgr.m */; };
		0FE093CD21CC8A41002371C4 /* CoreDataModel.xcdatamodeld in Sources */ = {isa = PBXBuildFile; fileRef = 0FE093CB21CC8A41002371C4 /* CoreDataModel.xcdatamodeld */; };
		0FE093DC21CC8D80002371C4 /* CoreDataMgr.m in Sources */ = {isa = PBXBuildFile; fileRef = 0FE093DB21CC8D80002371C4 /* CoreDataMgr.m */; };
		C31BBF8C639C1EB129CBC006 /* libPods-SQLite.a in Frameworks */ = {isa = PBXBuildFile; fileRef = 350D32D255FC34A54F04650F /* libPods-SQLite.a */; };
/* End PBXBuildFile section */

/* Begin PBXFileReference section */
		0520FE986BC81436B4B309A0 /* Pods-SQLite.debug.xcconfig */ = {isa = PBXFileReference; includeInIndex = 1; lastKnownFileType = text.xcconfig; name = "Pods-SQLite.debug.xcconfig"; path = "Pods/Target Support Files/Pods-SQLite/Pods-SQLite.debug.xcconfig"; sourceTree = "<group>"; };
		0FC1404921CB88DA00509D37 /* SQLite.app */ = {isa = PBXFileReference; explicitFileType = wrapper.application; includeInIndex = 0; path = SQLite.app; sourceTree = BUILT_PRODUCTS_DIR; };
		0FC1404C21CB88DA00509D37 /* AppDelegate.h */ = {isa = PBXFileReference; lastKnownFileType = sourcecode.c.h; path = AppDelegate.h; sourceTree = "<group>"; };
		0FC1404D21CB88DA00509D37 /* AppDelegate.m */ = {isa = PBXFileReference; lastKnownFileType = sourcecode.c.objc; path = AppDelegate.m; sourceTree = "<group>"; };
		0FC1404F21CB88DA00509D37 /* ViewController.h */ = {isa = PBXFileReference; lastKnownFileType = sourcecode.c.h; path = ViewController.h; sourceTree = "<group>"; };
		0FC1405021CB88DA00509D37 /* ViewController.m */ = {isa = PBXFileReference; lastKnownFileType = sourcecode.c.objc; path = ViewController.m; sourceTree = "<group>"; };
		0FC1405321CB88DA00509D37 /* Base */ = {isa = PBXFileReference; lastKnownFileType = file.storyboard; name = Base; path = Base.lproj/Main.storyboard; sourceTree = "<group>"; };
		0FC1405521CB88E400509D37 /* Assets.xcassets */ = {isa = PBXFileReference; lastKnownFileType = folder.assetcatalog; path = Assets.xcassets; sourceTree = "<group>"; };
		0FC1405821CB88E400509D37 /* Base */ = {isa = PBXFileReference; lastKnownFileType = file.storyboard; name = Base; path = Base.lproj/LaunchScreen.storyboard; sourceTree = "<group>"; };
		0FC1405A21CB88E400509D37 /* Info.plist */ = {isa = PBXFileReference; lastKnownFileType = text.plist.xml; path = Info.plist; sourceTree = "<group>"; };
		0FC1405B21CB88E400509D37 /* main.m */ = {isa = PBXFileReference; lastKnownFileType = sourcecode.c.objc; path = main.m; sourceTree = "<group>"; };
		0FC1406321CB8E7400509D37 /* libsqlite3.0.tbd */ = {isa = PBXFileReference; lastKnownFileType = "sourcecode.text-based-dylib-definition"; name = libsqlite3.0.tbd; path = usr/lib/libsqlite3.0.tbd; sourceTree = SDKROOT; };
		0FE093C821CC768E002371C4 /* FMDBMgr.h */ = {isa = PBXFileReference; lastKnownFileType = sourcecode.c.h; path = FMDBMgr.h; sourceTree = "<group>"; };
		0FE093C921CC768E002371C4 /* FMDBMgr.m */ = {isa = PBXFileReference; lastKnownFileType = sourcecode.c.objc; path = FMDBMgr.m; sourceTree = "<group>"; };
		0FE093CC21CC8A41002371C4 /* CoreDataModel.xcdatamodel */ = {isa = PBXFileReference; lastKnownFileType = wrapper.xcdatamodel; path = CoreDataModel.xcdatamodel; sourceTree = "<group>"; };
		0FE093DA21CC8D80002371C4 /* CoreDataMgr.h */ = {isa = PBXFileReference; lastKnownFileType = sourcecode.c.h; path = CoreDataMgr.h; sourceTree = "<group>"; };
		0FE093DB21CC8D80002371C4 /* CoreDataMgr.m */ = {isa = PBXFileReference; lastKnownFileType = sourcecode.c.objc; path = CoreDataMgr.m; sourceTree = "<group>"; };
		350D32D255FC34A54F04650F /* libPods-SQLite.a */ = {isa = PBXFileReference; explicitFileType = archive.ar; includeInIndex = 0; path = "libPods-SQLite.a"; sourceTree = BUILT_PRODUCTS_DIR; };
		A5D08EB7797370DD47BB50DB /* Pods-SQLite.release.xcconfig */ = {isa = PBXFileReference; includeInIndex = 1; lastKnownFileType = text.xcconfig; name = "Pods-SQLite.release.xcconfig"; path = "Pods/Target Support Files/Pods-SQLite/Pods-SQLite.release.xcconfig"; sourceTree = "<group>"; };
/* End PBXFileReference section */

/* Begin PBXFrameworksBuildPhase section */
		0FC1404621CB88DA00509D37 /* Frameworks */ = {
			isa = PBXFrameworksBuildPhase;
			buildActionMask = 2147483647;
			files = (
				0FC1406421CB8E7400509D37 /* libsqlite3.0.tbd in Frameworks */,
				C31BBF8C639C1EB129CBC006 /* libPods-SQLite.a in Frameworks */,
			);
			runOnlyForDeploymentPostprocessing = 0;
		};
/* End PBXFrameworksBuildPhase section */

/* Begin PBXGroup section */
		0FC1404021CB88DA00509D37 = {
			isa = PBXGroup;
			children = (
				0FC1404B21CB88DA00509D37 /* SQLite */,
				0FC1404A21CB88DA00509D37 /* Products */,
				0FC1406221CB8E7400509D37 /* Frameworks */,
				9F6E920FF827696AB9B5B7EF /* Pods */,
			);
			sourceTree = "<group>";
		};
		0FC1404A21CB88DA00509D37 /* Products */ = {
			isa = PBXGroup;
			children = (
				0FC1404921CB88DA00509D37 /* SQLite.app */,
			);
			name = Products;
			sourceTree = "<group>";
		};
		0FC1404B21CB88DA00509D37 /* SQLite */ = {
			isa = PBXGroup;
			children = (
				0FC1404C21CB88DA00509D37 /* AppDelegate.h */,
				0FC1404D21CB88DA00509D37 /* AppDelegate.m */,
				0FC1404F21CB88DA00509D37 /* ViewController.h */,
				0FC1405021CB88DA00509D37 /* ViewController.m */,
				0FE093C821CC768E002371C4 /* FMDBMgr.h */,
				0FE093C921CC768E002371C4 /* FMDBMgr.m */,
				0FE093DA21CC8D80002371C4 /* CoreDataMgr.h */,
				0FE093DB21CC8D80002371C4 /* CoreDataMgr.m */,
				0FE093CB21CC8A41002371C4 /* CoreDataModel.xcdatamodeld */,
				0FC1405221CB88DA00509D37 /* Main.storyboard */,
				0FC1405521CB88E400509D37 /* Assets.xcassets */,
				0FC1405721CB88E400509D37 /* LaunchScreen.storyboard */,
				0FC1405A21CB88E400509D37 /* Info.plist */,
				0FC1405B21CB88E400509D37 /* main.m */,
			);
			path = SQLite;
			sourceTree = "<group>";
		};
		0FC1406221CB8E7400509D37 /* Frameworks */ = {
			isa = PBXGroup;
			children = (
				0FC1406321CB8E7400509D37 /* libsqlite3.0.tbd */,
				350D32D255FC34A54F04650F /* libPods-SQLite.a */,
			);
			name = Frameworks;
			sourceTree = "<group>";
		};
		9F6E920FF827696AB9B5B7EF /* Pods */ = {
			isa = PBXGroup;
			children = (
				0520FE986BC81436B4B309A0 /* Pods-SQLite.debug.xcconfig */,
				A5D08EB7797370DD47BB50DB /* Pods-SQLite.release.xcconfig */,
			);
			name = Pods;
			sourceTree = "<group>";
		};
/* End PBXGroup section */

/* Begin PBXNativeTarget section */
		0FC1404821CB88DA00509D37 /* SQLite */ = {
			isa = PBXNativeTarget;
			buildConfigurationList = 0FC1405F21CB88E400509D37 /* Build configuration list for PBXNativeTarget "SQLite" */;
			buildPhases = (
				14EB9C78A37190C456E6830A /* [CP] Check Pods Manifest.lock */,
				0FC1404521CB88DA00509D37 /* Sources */,
				0FC1404621CB88DA00509D37 /* Frameworks */,
				0FC1404721CB88DA00509D37 /* Resources */,
			);
			buildRules = (
			);
			dependencies = (
			);
			name = SQLite;
			productName = SQLite;
			productReference = 0FC1404921CB88DA00509D37 /* SQLite.app */;
			productType = "com.apple.product-type.application";
		};
/* End PBXNativeTarget section */

/* Begin PBXProject section */
		0FC1404121CB88DA00509D37 /* Project object */ = {
			isa = PBXProject;
			attributes = {
				LastUpgradeCheck = 1010;
				ORGANIZATIONNAME = Dayao;
				TargetAttributes = {
					0FC1404821CB88DA00509D37 = {
						CreatedOnToolsVersion = 10.1;
					};
				};
			};
			buildConfigurationList = 0FC1404421CB88DA00509D37 /* Build configuration list for PBXProject "SQLite" */;
			compatibilityVersion = "Xcode 9.3";
			developmentRegion = en;
			hasScannedForEncodings = 0;
			knownRegions = (
				en,
				Base,
			);
			mainGroup = 0FC1404021CB88DA00509D37;
			productRefGroup = 0FC1404A21CB88DA00509D37 /* Products */;
			projectDirPath = "";
			projectRoot = "";
			targets = (
				0FC1404821CB88DA00509D37 /* SQLite */,
			);
		};
/* End PBXProject section */

/* Begin PBXResourcesBuildPhase section */
		0FC1404721CB88DA00509D37 /* Resources */ = {
			isa = PBXResourcesBuildPhase;
			buildActionMask = 2147483647;
			files = (
				0FC1405921CB88E400509D37 /* LaunchScreen.storyboard in Resources */,
				0FC1405621CB88E400509D37 /* Assets.xcassets in Resources */,
				0FC1405421CB88DA00509D37 /* Main.storyboard in Resources */,
			);
			runOnlyForDeploymentPostprocessing = 0;
		};
/* End PBXResourcesBuildPhase section */

/* Begin PBXShellScriptBuildPhase section */
		14EB9C78A37190C456E6830A /* [CP] Check Pods Manifest.lock */ = {
			isa = PBXShellScriptBuildPhase;
			buildActionMask = 2147483647;
			files = (
			);
			inputFileListPaths = (
			);
			inputPaths = (
				"${PODS_PODFILE_DIR_PATH}/Podfile.lock",
				"${PODS_ROOT}/Manifest.lock",
			);
			name = "[CP] Check Pods Manifest.lock";
			outputFileListPaths = (
			);
			outputPaths = (
				"$(DERIVED_FILE_DIR)/Pods-SQLite-checkManifestLockResult.txt",
			);
			runOnlyForDeploymentPostprocessing = 0;
			shellPath = /bin/sh;
			shellScript = "diff \"${PODS_PODFILE_DIR_PATH}/Podfile.lock\" \"${PODS_ROOT}/Manifest.lock\" > /dev/null\nif [ $? != 0 ] ; then\n    # print error to STDERR\n    echo \"error: The sandbox is not in sync with the Podfile.lock. Run 'pod install' or update your CocoaPods installation.\" >&2\n    exit 1\nfi\n# This output is used by Xcode 'outputs' to avoid re-running this script phase.\necho \"SUCCESS\" > \"${SCRIPT_OUTPUT_FILE_0}\"\n";
			showEnvVarsInLog = 0;
		};
/* End PBXShellScriptBuildPhase section */

/* Begin PBXSourcesBuildPhase section */
		0FC1404521CB88DA00509D37 /* Sources */ = {
			isa = PBXSourcesBuildPhase;
			buildActionMask = 2147483647;
			files = (
				0FC1405121CB88DA00509D37 /* ViewController.m in Sources */,
				0FE093DC21CC8D80002371C4 /* CoreDataMgr.m in Sources */,
				0FE093CA21CC768E002371C4 /* FMDBMgr.m in Sources */,
				0FC1405C21CB88E400509D37 /* main.m in Sources */,
				0FC1404E21CB88DA00509D37 /* AppDelegate.m in Sources */,
				0FE093CD21CC8A41002371C4 /* CoreDataModel.xcdatamodeld in Sources */,
			);
			runOnlyForDeploymentPostprocessing = 0;
		};
/* End PBXSourcesBuildPhase section */

/* Begin PBXVariantGroup section */
		0FC1405221CB88DA00509D37 /* Main.storyboard */ = {
			isa = PBXVariantGroup;
			children = (
				0FC1405321CB88DA00509D37 /* Base */,
			);
			name = Main.storyboard;
			sourceTree = "<group>";
		};
		0FC1405721CB88E400509D37 /* LaunchScreen.storyboard */ = {
			isa = PBXVariantGroup;
			children = (
				0FC1405821CB88E400509D37 /* Base */,
			);
			name = LaunchScreen.storyboard;
			sourceTree = "<group>";
		};
/* End PBXVariantGroup section */

/* Begin XCBuildConfiguration section */
		0FC1405D21CB88E400509D37 /* Debug */ = {
			isa = XCBuildConfiguration;
			buildSettings = {
				ALWAYS_SEARCH_USER_PATHS = NO;
				CLANG_ANALYZER_NONNULL = YES;
				CLANG_ANALYZER_NUMBER_OBJECT_CONVERSION = YES_AGGRESSIVE;
				CLANG_CXX_LANGUAGE_STANDARD = "gnu++14";
				CLANG_CXX_LIBRARY = "libc++";
				CLANG_ENABLE_MODULES = YES;
				CLANG_ENABLE_OBJC_ARC = YES;
				CLANG_ENABLE_OBJC_WEAK = YES;
				CLANG_WARN_BLOCK_CAPTURE_AUTORELEASING = YES;
				CLANG_WARN_BOOL_CONVERSION = YES;
				CLANG_WARN_COMMA = YES;
				CLANG_WARN_CONSTANT_CONVERSION = YES;
				CLANG_WARN_DEPRECATED_OBJC_IMPLEMENTATIONS = YES;
				CLANG_WARN_DIRECT_OBJC_ISA_USAGE = YES_ERROR;
				CLANG_WARN_DOCUMENTATION_COMMENTS = YES;
				CLANG_WARN_EMPTY_BODY = YES;
				CLANG_WARN_ENUM_CONVERSION = YES;
				CLANG_WARN_INFINITE_RECURSION = YES;
				CLANG_WARN_INT_CONVERSION = YES;
				CLANG_WARN_NON_LITERAL_NULL_CONVERSION = YES;
				CLANG_WARN_OBJC_IMPLICIT_RETAIN_SELF = YES;
				CLANG_WARN_OBJC_LITERAL_CONVERSION = YES;
				CLANG_WARN_OBJC_ROOT_CLASS = YES_ERROR;
				CLANG_WARN_RANGE_LOOP_ANALYSIS = YES;
				CLANG_WARN_STRICT_PROTOTYPES = YES;
				CLANG_WARN_SUSPICIOUS_MOVE = YES;
				CLANG_WARN_UNGUARDED_AVAILABILITY = YES_AGGRESSIVE;
				CLANG_WARN_UNREACHABLE_CODE = YES;
				CLANG_WARN__DUPLICATE_METHOD_MATCH = YES;
				CODE_SIGN_IDENTITY = "iPhone Developer";
				COPY_PHASE_STRIP = NO;
				DEBUG_INFORMATION_FORMAT = dwarf;
				ENABLE_STRICT_OBJC_MSGSEND = YES;
				ENABLE_TESTABILITY = YES;
				GCC_C_LANGUAGE_STANDARD = gnu11;
				GCC_DYNAMIC_NO_PIC = NO;
				GCC_NO_COMMON_BLOCKS = YES;
				GCC_OPTIMIZATION_LEVEL = 0;
				GCC_PREPROCESSOR_DEFINITIONS = (
					"DEBUG=1",
					"$(inherited)",
				);
				GCC_WARN_64_TO_32_BIT_CONVERSION = YES;
				GCC_WARN_ABOUT_RETURN_TYPE = YES_ERROR;
				GCC_WARN_UNDECLARED_SELECTOR = YES;
				GCC_WARN_UNINITIALIZED_AUTOS = YES_AGGRESSIVE;
				GCC_WARN_UNUSED_FUNCTION = YES;
				GCC_WARN_UNUSED_VARIABLE = YES;
				IPHONEOS_DEPLOYMENT_TARGET = 12.1;
				MTL_ENABLE_DEBUG_INFO = INCLUDE_SOURCE;
				MTL_FAST_MATH = YES;
				ONLY_ACTIVE_ARCH = YES;
				SDKROOT = iphoneos;
			};
			name = Debug;
		};
		0FC1405E21CB88E400509D37 /* Release */ = {
			isa = XCBuildConfiguration;
			buildSettings = {
				ALWAYS_SEARCH_USER_PATHS = NO;
				CLANG_ANALYZER_NONNULL = YES;
				CLANG_ANALYZER_NUMBER_OBJECT_CONVERSION = YES_AGGRESSIVE;
				CLANG_CXX_LANGUAGE_STANDARD = "gnu++14";
				CLANG_CXX_LIBRARY = "libc++";
				CLANG_ENABLE_MODULES = YES;
				CLANG_ENABLE_OBJC_ARC = YES;
				CLANG_ENABLE_OBJC_WEAK = YES;
				CLANG_WARN_BLOCK_CAPTURE_AUTORELEASING = YES;
				CLANG_WARN_BOOL_CONVERSION = YES;
				CLANG_WARN_COMMA = YES;
				CLANG_WARN_CONSTANT_CONVERSION = YES;
				CLANG_WARN_DEPRECATED_OBJC_IMPLEMENTATIONS = YES;
				CLANG_WARN_DIRECT_OBJC_ISA_USAGE = YES_ERROR;
				CLANG_WARN_DOCUMENTATION_COMMENTS = YES;
				CLANG_WARN_EMPTY_BODY = YES;
				CLANG_WARN_ENUM_CONVERSION = YES;
				CLANG_WARN_INFINITE_RECURSION = YES;
				CLANG_WARN_INT_CONVERSION = YES;
				CLANG_WARN_NON_LITERAL_NULL_CONVERSION = YES;
				CLANG_WARN_OBJC_IMPLICIT_RETAIN_SELF = YES;
				CLANG_WARN_OBJC_LITERAL_CONVERSION = YES;
				CLANG_WARN_OBJC_ROOT_CLASS = YES_ERROR;
				CLANG_WARN_RANGE_LOOP_ANALYSIS = YES;
				CLANG_WARN_STRICT_PROTOTYPES = YES;
				CLANG_WARN_SUSPICIOUS_MOVE = YES;
				CLANG_WARN_UNGUARDED_AVAILABILITY = YES_AGGRESSIVE;
				CLANG_WARN_UNREACHABLE_CODE = YES;
				CLANG_WARN__DUPLICATE_METHOD_MATCH = YES;
				CODE_SIGN_IDENTITY = "iPhone Developer";
				COPY_PHASE_STRIP = NO;
				DEBUG_INFORMATION_FORMAT = "dwarf-with-dsym";
				ENABLE_NS_ASSERTIONS = NO;
				ENABLE_STRICT_OBJC_MSGSEND = YES;
				GCC_C_LANGUAGE_STANDARD = gnu11;
				GCC_NO_COMMON_BLOCKS = YES;
				GCC_WARN_64_TO_32_BIT_CONVERSION = YES;
				GCC_WARN_ABOUT_RETURN_TYPE = YES_ERROR;
				GCC_WARN_UNDECLARED_SELECTOR = YES;
				GCC_WARN_UNINITIALIZED_AUTOS = YES_AGGRESSIVE;
				GCC_WARN_UNUSED_FUNCTION = YES;
				GCC_WARN_UNUSED_VARIABLE = YES;
				IPHONEOS_DEPLOYMENT_TARGET = 12.1;
				MTL_ENABLE_DEBUG_INFO = NO;
				MTL_FAST_MATH = YES;
				SDKROOT = iphoneos;
				VALIDATE_PRODUCT = YES;
			};
			name = Release;
		};
		0FC1406021CB88E400509D37 /* Debug */ = {
			isa = XCBuildConfiguration;
			baseConfigurationReference = 0520FE986BC81436B4B309A0 /* Pods-SQLite.debug.xcconfig */;
			buildSettings = {
				ASSETCATALOG_COMPILER_APPICON_NAME = AppIcon;
				CODE_SIGN_STYLE = Automatic;
				INFOPLIST_FILE = SQLite/Info.plist;
				LD_RUNPATH_SEARCH_PATHS = (
					"$(inherited)",
					"@executable_path/Frameworks",
				);
				PRODUCT_BUNDLE_IDENTIFIER = com.dayao.SQLite;
				PRODUCT_NAME = "$(TARGET_NAME)";
				TARGETED_DEVICE_FAMILY = "1,2";
			};
			name = Debug;
		};
		0FC1406121CB88E400509D37 /* Release */ = {
			isa = XCBuildConfiguration;
			baseConfigurationReference = A5D08EB7797370DD47BB50DB /* Pods-SQLite.release.xcconfig */;
			buildSettings = {
				ASSETCATALOG_COMPILER_APPICON_NAME = AppIcon;
				CODE_SIGN_STYLE = Automatic;
				INFOPLIST_FILE = SQLite/Info.plist;
				LD_RUNPATH_SEARCH_PATHS = (
					"$(inherited)",
					"@executable_path/Frameworks",
				);
				PRODUCT_BUNDLE_IDENTIFIER = com.dayao.SQLite;
				PRODUCT_NAME = "$(TARGET_NAME)";
				TARGETED_DEVICE_FAMILY = "1,2";
			};
			name = Release;
		};
/* End XCBuildConfiguration section */

/* Begin XCConfigurationList section */
		0FC1404421CB88DA00509D37 /* Build configuration list for PBXProject "SQLite" */ = {
			isa = XCConfigurationList;
			buildConfigurations = (
				0FC1405D21CB88E400509D37 /* Debug */,
				0FC1405E21CB88E400509D37 /* Release */,
			);
			defaultConfigurationIsVisible = 0;
			defaultConfigurationName = Release;
		};
		0FC1405F21CB88E400509D37 /* Build configuration list for PBXNativeTarget "SQLite" */ = {
			isa = XCConfigurationList;
			buildConfigurations = (
				0FC1406021CB88E400509D37 /* Debug */,
				0FC1406121CB88E400509D37 /* Release */,
			);
			defaultConfigurationIsVisible = 0;
			defaultConfigurationName = Release;
		};
/* End XCConfigurationList section */

/* Begin XCVersionGroup section */
		0FE093CB21CC8A41002371C4 /* CoreDataModel.xcdatamodeld */ = {
			isa = XCVersionGroup;
			children = (
				0FE093CC21CC8A41002371C4 /* CoreDataModel.xcdatamodel */,
			);
			currentVersion = 0FE093CC21CC8A41002371C4 /* CoreDataModel.xcdatamodel */;
			path = CoreDataModel.xcdatamodeld;
			sourceTree = "<group>";
			versionGroupType = wrapper.xcdatamodel;
		};
/* End XCVersionGroup section */
	};
	rootObject = 0FC1404121CB88DA00509D37 /* Project object */;
}
