// !$*UTF8*$!
{
	archiveVersion = 1;
	classes = {
	};
	objectVersion = 50;
	objects = {

/* Begin PBXBuildFile section */
		82424BD3230108B9003C1D77 /* AppDelegate.m in Sources */ = {isa = PBXBuildFile; fileRef = 82424BD2230108B9003C1D77 /* AppDelegate.m */; };
		82424BD6230108B9003C1D77 /* ViewController.m in Sources */ = {isa = PBXBuildFile; fileRef = 82424BD5230108B9003C1D77 /* ViewController.m */; };
		82424BD9230108B9003C1D77 /* Main.storyboard in Resources */ = {isa = PBXBuildFile; fileRef = 82424BD7230108B9003C1D77 /* Main.storyboard */; };
		82424BDB230108BB003C1D77 /* Assets.xcassets in Resources */ = {isa = PBXBuildFile; fileRef = 82424BDA230108BB003C1D77 /* Assets.xcassets */; };
		82424BDE230108BB003C1D77 /* LaunchScreen.storyboard in Resources */ = {isa = PBXBuildFile; fileRef = 82424BDC230108BB003C1D77 /* LaunchScreen.storyboard */; };
		82424BE1230108BB003C1D77 /* main.m in Sources */ = {isa = PBXBuildFile; fileRef = 82424BE0230108BB003C1D77 /* main.m */; };
		82424BE923011530003C1D77 /* PageControlView.m in Sources */ = {isa = PBXBuildFile; fileRef = 82424BE823011530003C1D77 /* PageControlView.m */; };
		82424BEC23014301003C1D77 /* SegmentedControl.m in Sources */ = {isa = PBXBuildFile; fileRef = 82424BEB23014301003C1D77 /* SegmentedControl.m */; };
/* End PBXBuildFile section */

/* Begin PBXFileReference section */
		82424BCE230108B9003C1D77 /* PageController.app */ = {isa = PBXFileReference; explicitFileType = wrapper.application; includeInIndex = 0; path = PageController.app; sourceTree = BUILT_PRODUCTS_DIR; };
		82424BD1230108B9003C1D77 /* AppDelegate.h */ = {isa = PBXFileReference; lastKnownFileType = sourcecode.c.h; path = AppDelegate.h; sourceTree = "<group>"; };
		82424BD2230108B9003C1D77 /* AppDelegate.m */ = {isa = PBXFileReference; lastKnownFileType = sourcecode.c.objc; path = AppDelegate.m; sourceTree = "<group>"; };
		82424BD4230108B9003C1D77 /* ViewController.h */ = {isa = PBXFileReference; lastKnownFileType = sourcecode.c.h; path = ViewController.h; sourceTree = "<group>"; };
		82424BD5230108B9003C1D77 /* ViewController.m */ = {isa = PBXFileReference; lastKnownFileType = sourcecode.c.objc; path = ViewController.m; sourceTree = "<group>"; };
		82424BD8230108B9003C1D77 /* Base */ = {isa = PBXFileReference; lastKnownFileType = file.storyboard; name = Base; path = Base.lproj/Main.storyboard; sourceTree = "<group>"; };
		82424BDA230108BB003C1D77 /* Assets.xcassets */ = {isa = PBXFileReference; lastKnownFileType = folder.assetcatalog; path = Assets.xcassets; sourceTree = "<group>"; };
		82424BDD230108BB003C1D77 /* Base */ = {isa = PBXFileReference; lastKnownFileType = file.storyboard; name = Base; path = Base.lproj/LaunchScreen.storyboard; sourceTree = "<group>"; };
		82424BDF230108BB003C1D77 /* Info.plist */ = {isa = PBXFileReference; lastKnownFileType = text.plist.xml; path = Info.plist; sourceTree = "<group>"; };
		82424BE0230108BB003C1D77 /* main.m */ = {isa = PBXFileReference; lastKnownFileType = sourcecode.c.objc; path = main.m; sourceTree = "<group>"; };
		82424BE723011530003C1D77 /* PageControlView.h */ = {isa = PBXFileReference; lastKnownFileType = sourcecode.c.h; path = PageControlView.h; sourceTree = "<group>"; };
		82424BE823011530003C1D77 /* PageControlView.m */ = {isa = PBXFileReference; lastKnownFileType = sourcecode.c.objc; path = PageControlView.m; sourceTree = "<group>"; };
		82424BEA23014301003C1D77 /* SegmentedControl.h */ = {isa = PBXFileReference; fileEncoding = 4; lastKnownFileType = sourcecode.c.h; path = SegmentedControl.h; sourceTree = "<group>"; };
		82424BEB23014301003C1D77 /* SegmentedControl.m */ = {isa = PBXFileReference; fileEncoding = 4; lastKnownFileType = sourcecode.c.objc; path = SegmentedControl.m; sourceTree = "<group>"; };
/* End PBXFileReference section */

/* Begin PBXFrameworksBuildPhase section */
		82424BCB230108B9003C1D77 /* Frameworks */ = {
			isa = PBXFrameworksBuildPhase;
			buildActionMask = 2147483647;
			files = (
			);
			runOnlyForDeploymentPostprocessing = 0;
		};
/* End PBXFrameworksBuildPhase section */

/* Begin PBXGroup section */
		82424BC5230108B9003C1D77 = {
			isa = PBXGroup;
			children = (
				82424BD0230108B9003C1D77 /* PageController */,
				82424BCF230108B9003C1D77 /* Products */,
			);
			sourceTree = "<group>";
		};
		82424BCF230108B9003C1D77 /* Products */ = {
			isa = PBXGroup;
			children = (
				82424BCE230108B9003C1D77 /* PageController.app */,
			);
			name = Products;
			sourceTree = "<group>";
		};
		82424BD0230108B9003C1D77 /* PageController */ = {
			isa = PBXGroup;
			children = (
				82424BD1230108B9003C1D77 /* AppDelegate.h */,
				82424BD2230108B9003C1D77 /* AppDelegate.m */,
				82424BD4230108B9003C1D77 /* ViewController.h */,
				82424BD5230108B9003C1D77 /* ViewController.m */,
				82424BED230145A9003C1D77 /* PageControl */,
				82424BD7230108B9003C1D77 /* Main.storyboard */,
				82424BDA230108BB003C1D77 /* Assets.xcassets */,
				82424BDC230108BB003C1D77 /* LaunchScreen.storyboard */,
				82424BDF230108BB003C1D77 /* Info.plist */,
				82424BE0230108BB003C1D77 /* main.m */,
			);
			path = PageController;
			sourceTree = "<group>";
		};
		82424BED230145A9003C1D77 /* PageControl */ = {
			isa = PBXGroup;
			children = (
				82424BE723011530003C1D77 /* PageControlView.h */,
				82424BE823011530003C1D77 /* PageControlView.m */,
				82424BEA23014301003C1D77 /* SegmentedControl.h */,
				82424BEB23014301003C1D77 /* SegmentedControl.m */,
			);
			path = PageControl;
			sourceTree = "<group>";
		};
/* End PBXGroup section */

/* Begin PBXNativeTarget section */
		82424BCD230108B9003C1D77 /* PageController */ = {
			isa = PBXNativeTarget;
			buildConfigurationList = 82424BE4230108BB003C1D77 /* Build configuration list for PBXNativeTarget "PageController" */;
			buildPhases = (
				82424BCA230108B9003C1D77 /* Sources */,
				82424BCB230108B9003C1D77 /* Frameworks */,
				82424BCC230108B9003C1D77 /* Resources */,
			);
			buildRules = (
			);
			dependencies = (
			);
			name = PageController;
			productName = PageController;
			productReference = 82424BCE230108B9003C1D77 /* PageController.app */;
			productType = "com.apple.product-type.application";
		};
/* End PBXNativeTarget section */

/* Begin PBXProject section */
		82424BC6230108B9003C1D77 /* Project object */ = {
			isa = PBXProject;
			attributes = {
				LastUpgradeCheck = 1020;
				ORGANIZATIONNAME = pagecontroller;
				TargetAttributes = {
					82424BCD230108B9003C1D77 = {
						CreatedOnToolsVersion = 10.2;
					};
				};
			};
			buildConfigurationList = 82424BC9230108B9003C1D77 /* Build configuration list for PBXProject "PageController" */;
			compatibilityVersion = "Xcode 9.3";
			developmentRegion = en;
			hasScannedForEncodings = 0;
			knownRegions = (
				en,
				Base,
			);
			mainGroup = 82424BC5230108B9003C1D77;
			productRefGroup = 82424BCF230108B9003C1D77 /* Products */;
			projectDirPath = "";
			projectRoot = "";
			targets = (
				82424BCD230108B9003C1D77 /* PageController */,
			);
		};
/* End PBXProject section */

/* Begin PBXResourcesBuildPhase section */
		82424BCC230108B9003C1D77 /* Resources */ = {
			isa = PBXResourcesBuildPhase;
			buildActionMask = 2147483647;
			files = (
				82424BDE230108BB003C1D77 /* LaunchScreen.storyboard in Resources */,
				82424BDB230108BB003C1D77 /* Assets.xcassets in Resources */,
				82424BD9230108B9003C1D77 /* Main.storyboard in Resources */,
			);
			runOnlyForDeploymentPostprocessing = 0;
		};
/* End PBXResourcesBuildPhase section */

/* Begin PBXSourcesBuildPhase section */
		82424BCA230108B9003C1D77 /* Sources */ = {
			isa = PBXSourcesBuildPhase;
			buildActionMask = 2147483647;
			files = (
				82424BD6230108B9003C1D77 /* ViewController.m in Sources */,
				82424BE923011530003C1D77 /* PageControlView.m in Sources */,
				82424BE1230108BB003C1D77 /* main.m in Sources */,
				82424BD3230108B9003C1D77 /* AppDelegate.m in Sources */,
				82424BEC23014301003C1D77 /* SegmentedControl.m in Sources */,
			);
			runOnlyForDeploymentPostprocessing = 0;
		};
/* End PBXSourcesBuildPhase section */

/* Begin PBXVariantGroup section */
		82424BD7230108B9003C1D77 /* Main.storyboard */ = {
			isa = PBXVariantGroup;
			children = (
				82424BD8230108B9003C1D77 /* Base */,
			);
			name = Main.storyboard;
			sourceTree = "<group>";
		};
		82424BDC230108BB003C1D77 /* LaunchScreen.storyboard */ = {
			isa = PBXVariantGroup;
			children = (
				82424BDD230108BB003C1D77 /* Base */,
			);
			name = LaunchScreen.storyboard;
			sourceTree = "<group>";
		};
/* End PBXVariantGroup section */

/* Begin XCBuildConfiguration section */
		82424BE2230108BB003C1D77 /* Debug */ = {
			isa = XCBuildConfiguration;
			buildSettings = {
				ALWAYS_SEARCH_USER_PATHS = NO;
				CLANG_ANALYZER_NONNULL = YES;
				CLANG_ANALYZER_NUMBER_OBJECT_CONVERSION = YES_AGGRESSIVE;
				CLANG_CXX_LANGUAGE_STANDARD = "gnu++14";
				CLANG_CXX_LIBRARY = "libc++";
				CLANG_ENABLE_MODULES = YES;
				CLANG_ENABLE_OBJC_ARC = YES;
				CLANG_ENABLE_OBJC_WEAK = YES;
				CLANG_WARN_BLOCK_CAPTURE_AUTORELEASING = YES;
				CLANG_WARN_BOOL_CONVERSION = YES;
				CLANG_WARN_COMMA = YES;
				CLANG_WARN_CONSTANT_CONVERSION = YES;
				CLANG_WARN_DEPRECATED_OBJC_IMPLEMENTATIONS = YES;
				CLANG_WARN_DIRECT_OBJC_ISA_USAGE = YES_ERROR;
				CLANG_WARN_DOCUMENTATION_COMMENTS = YES;
				CLANG_WARN_EMPTY_BODY = YES;
				CLANG_WARN_ENUM_CONVERSION = YES;
				CLANG_WARN_INFINITE_RECURSION = YES;
				CLANG_WARN_INT_CONVERSION = YES;
				CLANG_WARN_NON_LITERAL_NULL_CONVERSION = YES;
				CLANG_WARN_OBJC_IMPLICIT_RETAIN_SELF = YES;
				CLANG_WARN_OBJC_LITERAL_CONVERSION = YES;
				CLANG_WARN_OBJC_ROOT_CLASS = YES_ERROR;
				CLANG_WARN_RANGE_LOOP_ANALYSIS = YES;
				CLANG_WARN_STRICT_PROTOTYPES = YES;
				CLANG_WARN_SUSPICIOUS_MOVE = YES;
				CLANG_WARN_UNGUARDED_AVAILABILITY = YES_AGGRESSIVE;
				CLANG_WARN_UNREACHABLE_CODE = YES;
				CLANG_WARN__DUPLICATE_METHOD_MATCH = YES;
				CODE_SIGN_IDENTITY = "iPhone Developer";
				COPY_PHASE_STRIP = NO;
				DEBUG_INFORMATION_FORMAT = dwarf;
				ENABLE_STRICT_OBJC_MSGSEND = YES;
				ENABLE_TESTABILITY = YES;
				GCC_C_LANGUAGE_STANDARD = gnu11;
				GCC_DYNAMIC_NO_PIC = NO;
				GCC_NO_COMMON_BLOCKS = YES;
				GCC_OPTIMIZATION_LEVEL = 0;
				GCC_PREPROCESSOR_DEFINITIONS = (
					"DEBUG=1",
					"$(inherited)",
				);
				GCC_WARN_64_TO_32_BIT_CONVERSION = YES;
				GCC_WARN_ABOUT_RETURN_TYPE = YES_ERROR;
				GCC_WARN_UNDECLARED_SELECTOR = YES;
				GCC_WARN_UNINITIALIZED_AUTOS = YES_AGGRESSIVE;
				GCC_WARN_UNUSED_FUNCTION = YES;
				GCC_WARN_UNUSED_VARIABLE = YES;
				IPHONEOS_DEPLOYMENT_TARGET = 12.2;
				MTL_ENABLE_DEBUG_INFO = INCLUDE_SOURCE;
				MTL_FAST_MATH = YES;
				ONLY_ACTIVE_ARCH = YES;
				SDKROOT = iphoneos;
			};
			name = Debug;
		};
		82424BE3230108BB003C1D77 /* Release */ = {
			isa = XCBuildConfiguration;
			buildSettings = {
				ALWAYS_SEARCH_USER_PATHS = NO;
				CLANG_ANALYZER_NONNULL = YES;
				CLANG_ANALYZER_NUMBER_OBJECT_CONVERSION = YES_AGGRESSIVE;
				CLANG_CXX_LANGUAGE_STANDARD = "gnu++14";
				CLANG_CXX_LIBRARY = "libc++";
				CLANG_ENABLE_MODULES = YES;
				CLANG_ENABLE_OBJC_ARC = YES;
				CLANG_ENABLE_OBJC_WEAK = YES;
				CLANG_WARN_BLOCK_CAPTURE_AUTORELEASING = YES;
				CLANG_WARN_BOOL_CONVERSION = YES;
				CLANG_WARN_COMMA = YES;
				CLANG_WARN_CONSTANT_CONVERSION = YES;
				CLANG_WARN_DEPRECATED_OBJC_IMPLEMENTATIONS = YES;
				CLANG_WARN_DIRECT_OBJC_ISA_USAGE = YES_ERROR;
				CLANG_WARN_DOCUMENTATION_COMMENTS = YES;
				CLANG_WARN_EMPTY_BODY = YES;
				CLANG_WARN_ENUM_CONVERSION = YES;
				CLANG_WARN_INFINITE_RECURSION = YES;
				CLANG_WARN_INT_CONVERSION = YES;
				CLANG_WARN_NON_LITERAL_NULL_CONVERSION = YES;
				CLANG_WARN_OBJC_IMPLICIT_RETAIN_SELF = YES;
				CLANG_WARN_OBJC_LITERAL_CONVERSION = YES;
				CLANG_WARN_OBJC_ROOT_CLASS = YES_ERROR;
				CLANG_WARN_RANGE_LOOP_ANALYSIS = YES;
				CLANG_WARN_STRICT_PROTOTYPES = YES;
				CLANG_WARN_SUSPICIOUS_MOVE = YES;
				CLANG_WARN_UNGUARDED_AVAILABILITY = YES_AGGRESSIVE;
				CLANG_WARN_UNREACHABLE_CODE = YES;
				CLANG_WARN__DUPLICATE_METHOD_MATCH = YES;
				CODE_SIGN_IDENTITY = "iPhone Developer";
				COPY_PHASE_STRIP = NO;
				DEBUG_INFORMATION_FORMAT = "dwarf-with-dsym";
				ENABLE_NS_ASSERTIONS = NO;
				ENABLE_STRICT_OBJC_MSGSEND = YES;
				GCC_C_LANGUAGE_STANDARD = gnu11;
				GCC_NO_COMMON_BLOCKS = YES;
				GCC_WARN_64_TO_32_BIT_CONVERSION = YES;
				GCC_WARN_ABOUT_RETURN_TYPE = YES_ERROR;
				GCC_WARN_UNDECLARED_SELECTOR = YES;
				GCC_WARN_UNINITIALIZED_AUTOS = YES_AGGRESSIVE;
				GCC_WARN_UNUSED_FUNCTION = YES;
				GCC_WARN_UNUSED_VARIABLE = YES;
				IPHONEOS_DEPLOYMENT_TARGET = 12.2;
				MTL_ENABLE_DEBUG_INFO = NO;
				MTL_FAST_MATH = YES;
				SDKROOT = iphoneos;
				VALIDATE_PRODUCT = YES;
			};
			name = Release;
		};
		82424BE5230108BB003C1D77 /* Debug */ = {
			isa = XCBuildConfiguration;
			buildSettings = {
				ASSETCATALOG_COMPILER_APPICON_NAME = AppIcon;
				CODE_SIGN_STYLE = Automatic;
				INFOPLIST_FILE = PageController/Info.plist;
				LD_RUNPATH_SEARCH_PATHS = (
					"$(inherited)",
					"@executable_path/Frameworks",
				);
				PRODUCT_BUNDLE_IDENTIFIER = com.www.PageController;
				PRODUCT_NAME = "$(TARGET_NAME)";
				TARGETED_DEVICE_FAMILY = "1,2";
			};
			name = Debug;
		};
		82424BE6230108BB003C1D77 /* Release */ = {
			isa = XCBuildConfiguration;
			buildSettings = {
				ASSETCATALOG_COMPILER_APPICON_NAME = AppIcon;
				CODE_SIGN_STYLE = Automatic;
				INFOPLIST_FILE = PageController/Info.plist;
				LD_RUNPATH_SEARCH_PATHS = (
					"$(inherited)",
					"@executable_path/Frameworks",
				);
				PRODUCT_BUNDLE_IDENTIFIER = com.www.PageController;
				PRODUCT_NAME = "$(TARGET_NAME)";
				TARGETED_DEVICE_FAMILY = "1,2";
			};
			name = Release;
		};
/* End XCBuildConfiguration section */

/* Begin XCConfigurationList section */
		82424BC9230108B9003C1D77 /* Build configuration list for PBXProject "PageController" */ = {
			isa = XCConfigurationList;
			buildConfigurations = (
				82424BE2230108BB003C1D77 /* Debug */,
				82424BE3230108BB003C1D77 /* Release */,
			);
			defaultConfigurationIsVisible = 0;
			defaultConfigurationName = Release;
		};
		82424BE4230108BB003C1D77 /* Build configuration list for PBXNativeTarget "PageController" */ = {
			isa = XCConfigurationList;
			buildConfigurations = (
				82424BE5230108BB003C1D77 /* Debug */,
				82424BE6230108BB003C1D77 /* Release */,
			);
			defaultConfigurationIsVisible = 0;
			defaultConfigurationName = Release;
		};
/* End XCConfigurationList section */
	};
	rootObject = 82424BC6230108B9003C1D77 /* Project object */;
}
